
Microsoft Visual Studio Solution File, Format Version 12.00
# Visual Studio 15
VisualStudioVersion = 15.0.27703.2026
MinimumVisualStudioVersion = 10.0.40219.1
Project("{2150E333-8FDC-42A3-9474-1A3956D46DE8}") = "000_Note", "000_Note", "{08CE2B92-3ADB-4D2D-A67D-8A5772B261A1}"
EndProject
Project("{2150E333-8FDC-42A3-9474-1A3956D46DE8}") = "13_Week", "13_Week", "{4844719A-1508-4797-AAC3-49D2FE449D02}"
EndProject
Project("{2150E333-8FDC-42A3-9474-1A3956D46DE8}") = "059_Days", "059_Days", "{6F258AD3-8EB3-440E-A381-6043616E0D78}"
EndProject
Project("{8BC9CEB8-8B4A-11D0-8D11-00A0C91BC942}") = "_countof", "_countof\_countof.vcxproj", "{9A148360-AF44-46E9-8BC2-A10B8077C418}"
EndProject
Project("{2150E333-8FDC-42A3-9474-1A3956D46DE8}") = "14_Week", "14_Week", "{A6EB32F7-B687-4B20-AD87-E1852FACC4A9}"
EndProject
Project("{2150E333-8FDC-42A3-9474-1A3956D46DE8}") = "060_Days", "060_Days", "{5EC39ABC-86AC-4D60-811E-16D821874554}"
EndProject
Project("{8BC9CEB8-8B4A-11D0-8D11-00A0C91BC942}") = "3D_Core", "3D_Core\3D_Core.vcxproj", "{234CCF81-7551-4D7D-8475-F7E4D5CA0787}"
EndProject
Project("{8BC9CEB8-8B4A-11D0-8D11-00A0C91BC942}") = "01_CreateWindow", "CreateWindow\CreateWindow.vcxproj", "{DEE86A55-ED94-4DE4-8FB7-C3FD3687D466}"
EndProject
Project("{8BC9CEB8-8B4A-11D0-8D11-00A0C91BC942}") = "02_CreateDevice", "CreateDevice\CreateDevice.vcxproj", "{52749338-784A-462D-BF93-AE1D0B5835C6}"
EndProject
Project("{8BC9CEB8-8B4A-11D0-8D11-00A0C91BC942}") = "01_CreateDevice_01", "CreateDevice_01\CreateDevice_01.vcxproj", "{8F6619DF-46E1-4F42-ABFB-47A7F1228B00}"
EndProject
Project("{8BC9CEB8-8B4A-11D0-8D11-00A0C91BC942}") = "02_LibraryTest", "LibraryTest\LibraryTest.vcxproj", "{33810ABD-B9D6-4ADC-8446-29C147BECD5A}"
EndProject
Project("{8BC9CEB8-8B4A-11D0-8D11-00A0C91BC942}") = "03_DXGI", "DXGI\DXGI.vcxproj", "{44DEA88A-D1E9-4634-BDF7-5381AF6EC743}"
EndProject
Project("{2150E333-8FDC-42A3-9474-1A3956D46DE8}") = "061_Days", "061_Days", "{20B616C7-358F-46DB-A69F-4BA2DD157838}"
EndProject
Project("{8BC9CEB8-8B4A-11D0-8D11-00A0C91BC942}") = "01_FullScreenDevice", "FullScreenDevice\FullScreenDevice.vcxproj", "{11FD1CA1-B46B-44F9-A931-C9B043683D4F}"
	ProjectSection(ProjectDependencies) = postProject
		{234CCF81-7551-4D7D-8475-F7E4D5CA0787} = {234CCF81-7551-4D7D-8475-F7E4D5CA0787}
	EndProjectSection
EndProject
Project("{8BC9CEB8-8B4A-11D0-8D11-00A0C91BC942}") = "02_Timer", "Timer\Timer.vcxproj", "{8DD3DC70-FD06-43C3-BB75-85C1EA4FFD1F}"
EndProject
Project("{8BC9CEB8-8B4A-11D0-8D11-00A0C91BC942}") = "03_Enumeration", "Enumeration\Enumeration.vcxproj", "{546B1F67-9B62-4971-9F73-39B6FBAFAEB3}"
	ProjectSection(ProjectDependencies) = postProject
		{234CCF81-7551-4D7D-8475-F7E4D5CA0787} = {234CCF81-7551-4D7D-8475-F7E4D5CA0787}
	EndProjectSection
EndProject
Project("{2150E333-8FDC-42A3-9474-1A3956D46DE8}") = "062_Days", "062_Days", "{DCDEC919-F78B-471F-B7E9-D717CA3D7400}"
EndProject
Project("{8BC9CEB8-8B4A-11D0-8D11-00A0C91BC942}") = "01_DirectWrite", "DirectWrite\DirectWrite.vcxproj", "{2A3BFDFB-C0B4-4708-88E0-05C36FC46D33}"
	ProjectSection(ProjectDependencies) = postProject
		{234CCF81-7551-4D7D-8475-F7E4D5CA0787} = {234CCF81-7551-4D7D-8475-F7E4D5CA0787}
	EndProjectSection
EndProject
Project("{8BC9CEB8-8B4A-11D0-8D11-00A0C91BC942}") = "02_DirectWriteTest", "DirectWriteTest\DirectWriteTest.vcxproj", "{AF587CBE-6D24-4983-A6EC-17C31B971F0D}"
	ProjectSection(ProjectDependencies) = postProject
		{234CCF81-7551-4D7D-8475-F7E4D5CA0787} = {234CCF81-7551-4D7D-8475-F7E4D5CA0787}
	EndProjectSection
EndProject
Project("{2150E333-8FDC-42A3-9474-1A3956D46DE8}") = "063_Days", "063_Days", "{461F3720-0683-4B69-846F-2D6D22C1A549}"
EndProject
Project("{8BC9CEB8-8B4A-11D0-8D11-00A0C91BC942}") = "01_DirectInput", "DirectInput\DirectInput.vcxproj", "{6D3AA32A-7007-4729-8246-9C383F875A8F}"
	ProjectSection(ProjectDependencies) = postProject
		{234CCF81-7551-4D7D-8475-F7E4D5CA0787} = {234CCF81-7551-4D7D-8475-F7E4D5CA0787}
	EndProjectSection
EndProject
Project("{2150E333-8FDC-42A3-9474-1A3956D46DE8}") = "064_Days", "064_Days", "{295A2DAF-39C3-488D-8E44-9C61B2A5FF91}"
EndProject
Project("{8BC9CEB8-8B4A-11D0-8D11-00A0C91BC942}") = "01_VertexBuffer", "VertexBuffer\VertexBuffer.vcxproj", "{BD7D0E30-FB1F-4236-BF4D-239204B1A8A8}"
	ProjectSection(ProjectDependencies) = postProject
		{234CCF81-7551-4D7D-8475-F7E4D5CA0787} = {234CCF81-7551-4D7D-8475-F7E4D5CA0787}
	EndProjectSection
EndProject
Project("{2150E333-8FDC-42A3-9474-1A3956D46DE8}") = "15_Week", "15_Week", "{02CC717D-A7DF-4699-93F1-2538C6C2AEFB}"
EndProject
Project("{2150E333-8FDC-42A3-9474-1A3956D46DE8}") = "065_Days", "065_Days", "{88CBB103-3BA8-46BC-8ABD-E393807227A5}"
EndProject
Project("{8BC9CEB8-8B4A-11D0-8D11-00A0C91BC942}") = "01_IndexAndConstantBuffer", "IndexBuffer\IndexBuffer.vcxproj", "{D313A44F-BE99-4207-AA2E-B927E0BE48ED}"
	ProjectSection(ProjectDependencies) = postProject
		{234CCF81-7551-4D7D-8475-F7E4D5CA0787} = {234CCF81-7551-4D7D-8475-F7E4D5CA0787}
	EndProjectSection
EndProject
Project("{2150E333-8FDC-42A3-9474-1A3956D46DE8}") = "066_Days", "066_Days", "{8F079840-385A-4D2C-A17A-62D741462C10}"
EndProject
Project("{8BC9CEB8-8B4A-11D0-8D11-00A0C91BC942}") = "01_Texture", "Texture\Texture.vcxproj", "{85899AD9-8BAD-41A7-82AF-B7E156B487CD}"
EndProject
Project("{2150E333-8FDC-42A3-9474-1A3956D46DE8}") = "067_Days", "067_Days", "{A7C704EC-1C15-4F1E-B639-F1D1D7F81E94}"
EndProject
Project("{8BC9CEB8-8B4A-11D0-8D11-00A0C91BC942}") = "01_AlphaBlend", "AlphaBlend\AlphaBlend.vcxproj", "{A89B7B1E-25B5-40D6-804D-E1BBB0E987AF}"
	ProjectSection(ProjectDependencies) = postProject
		{234CCF81-7551-4D7D-8475-F7E4D5CA0787} = {234CCF81-7551-4D7D-8475-F7E4D5CA0787}
	EndProjectSection
EndProject
Project("{2150E333-8FDC-42A3-9474-1A3956D46DE8}") = "068_Days", "068_Days", "{369190DD-A504-4DA5-A6E7-971F908AAED1}"
EndProject
Project("{8BC9CEB8-8B4A-11D0-8D11-00A0C91BC942}") = "01_Object", "Object\Object.vcxproj", "{693B67CE-5953-4EBB-A90C-4EFFB3DBCF7E}"
	ProjectSection(ProjectDependencies) = postProject
		{234CCF81-7551-4D7D-8475-F7E4D5CA0787} = {234CCF81-7551-4D7D-8475-F7E4D5CA0787}
	EndProjectSection
EndProject
Project("{8BC9CEB8-8B4A-11D0-8D11-00A0C91BC942}") = "02_ShaderLibrary", "ShaderLibrary\ShaderLibrary.vcxproj", "{61E1E625-B7DE-4CD0-9D3B-BFD84E0022D0}"
	ProjectSection(ProjectDependencies) = postProject
		{234CCF81-7551-4D7D-8475-F7E4D5CA0787} = {234CCF81-7551-4D7D-8475-F7E4D5CA0787}
	EndProjectSection
EndProject
Project("{2150E333-8FDC-42A3-9474-1A3956D46DE8}") = "069_Days", "069_Days", "{9025C769-ACF3-439D-9B4D-B11659E837CC}"
EndProject
Project("{2150E333-8FDC-42A3-9474-1A3956D46DE8}") = "16_Week", "16_Week", "{A1F89C68-3F7D-4623-88C9-F0DC4E52F4D2}"
EndProject
Project("{2150E333-8FDC-42A3-9474-1A3956D46DE8}") = "070_Days", "070_Days", "{B7D02418-CCA0-4A2D-81E7-113A35833A34}"
EndProject
Project("{2150E333-8FDC-42A3-9474-1A3956D46DE8}") = "071_Days", "071_Days", "{73DF06D3-9169-4EAA-9F13-31BFE68777B0}"
EndProject
Project("{8BC9CEB8-8B4A-11D0-8D11-00A0C91BC942}") = "01_Rasterizer", "Rasterizer\Rasterizer.vcxproj", "{5131BDB5-15F3-40B7-8CBB-56188519C677}"
EndProject
Project("{2150E333-8FDC-42A3-9474-1A3956D46DE8}") = "072_Days", "072_Days", "{23F6B268-7F27-46FE-ABC6-019D737C989E}"
EndProject
Project("{2150E333-8FDC-42A3-9474-1A3956D46DE8}") = "073_Days", "073_Days", "{CB38EB26-85B9-4D78-801C-DB7AF41854B6}"
EndProject
Project("{2150E333-8FDC-42A3-9474-1A3956D46DE8}") = "074_Days", "074_Days", "{A5683D10-9B5A-47F7-AAAA-3A3D69DF1CA4}"
EndProject
Project("{8BC9CEB8-8B4A-11D0-8D11-00A0C91BC942}") = "IME", "IME\IME.vcxproj", "{3635D005-78D0-439C-BF30-9B4D8F49B7CC}"
EndProject
Project("{2150E333-8FDC-42A3-9474-1A3956D46DE8}") = "23_Week", "23_Week", "{36C8807B-CB03-45D0-B540-BDE4206990B5}"
EndProject
Project("{8BC9CEB8-8B4A-11D0-8D11-00A0C91BC942}") = "Vector_1", "Vector_1\Vector_1.vcxproj", "{A5725E55-EE71-4B48-BDC9-F7007DB44A95}"
	ProjectSection(ProjectDependencies) = postProject
		{234CCF81-7551-4D7D-8475-F7E4D5CA0787} = {234CCF81-7551-4D7D-8475-F7E4D5CA0787}
	EndProjectSection
EndProject
Project("{2150E333-8FDC-42A3-9474-1A3956D46DE8}") = "1_Mon", "1_Mon", "{A6DD3833-C0CC-4209-AD77-4694F70A8C49}"
EndProject
Project("{2150E333-8FDC-42A3-9474-1A3956D46DE8}") = "2_Tue", "2_Tue", "{7AC9B72B-EB00-4BE2-AA58-869BF980A4E3}"
EndProject
Project("{8BC9CEB8-8B4A-11D0-8D11-00A0C91BC942}") = "Vector_2", "Vector_2\Vector_2.vcxproj", "{99D73525-AB27-4AFA-AA02-97233E5FAD45}"
EndProject
Project("{2150E333-8FDC-42A3-9474-1A3956D46DE8}") = "3_Wed", "3_Wed", "{D6CD5D67-1E77-47E0-859C-B7C044A25F7F}"
EndProject
Project("{8BC9CEB8-8B4A-11D0-8D11-00A0C91BC942}") = "dxVector", "dxVector\dxVector.vcxproj", "{35C08BBE-FC8C-4B3A-8125-7EBCF43C96F0}"
	ProjectSection(ProjectDependencies) = postProject
		{234CCF81-7551-4D7D-8475-F7E4D5CA0787} = {234CCF81-7551-4D7D-8475-F7E4D5CA0787}
	EndProjectSection
EndProject
Project("{2150E333-8FDC-42A3-9474-1A3956D46DE8}") = "5_Fri", "5_Fri", "{83B87B2F-F476-4687-91F3-811346BCC948}"
EndProject
Project("{8BC9CEB8-8B4A-11D0-8D11-00A0C91BC942}") = "DepthBuffer", "DepthBuffer\DepthBuffer.vcxproj", "{3D89B265-374F-4D9B-90B2-43EF5AA07632}"
	ProjectSection(ProjectDependencies) = postProject
		{234CCF81-7551-4D7D-8475-F7E4D5CA0787} = {234CCF81-7551-4D7D-8475-F7E4D5CA0787}
	EndProjectSection
EndProject
Project("{8BC9CEB8-8B4A-11D0-8D11-00A0C91BC942}") = "DxState", "DxState\DxState.vcxproj", "{7C85F764-7B1B-4412-BF6F-124E82065FAB}"
	ProjectSection(ProjectDependencies) = postProject
		{234CCF81-7551-4D7D-8475-F7E4D5CA0787} = {234CCF81-7551-4D7D-8475-F7E4D5CA0787}
	EndProjectSection
EndProject
Project("{8BC9CEB8-8B4A-11D0-8D11-00A0C91BC942}") = "Sphere", "Sphere\Sphere.vcxproj", "{748B4B19-1221-42D6-81A9-65CC75E71968}"
	ProjectSection(ProjectDependencies) = postProject
		{234CCF81-7551-4D7D-8475-F7E4D5CA0787} = {234CCF81-7551-4D7D-8475-F7E4D5CA0787}
	EndProjectSection
EndProject
Project("{8BC9CEB8-8B4A-11D0-8D11-00A0C91BC942}") = "Light", "Light\Light.vcxproj", "{7E080C16-569D-4273-B113-B562157A6B87}"
	ProjectSection(ProjectDependencies) = postProject
		{234CCF81-7551-4D7D-8475-F7E4D5CA0787} = {234CCF81-7551-4D7D-8475-F7E4D5CA0787}
	EndProjectSection
EndProject
Project("{2150E333-8FDC-42A3-9474-1A3956D46DE8}") = "24_Week", "24_Week", "{ABAB1207-74E0-4AE4-84F1-E430E4A3B4DE}"
EndProject
Project("{2150E333-8FDC-42A3-9474-1A3956D46DE8}") = "1_Mon", "1_Mon", "{C39E7763-D196-40F6-8349-8D67ED2F1E31}"
EndProject
Project("{8BC9CEB8-8B4A-11D0-8D11-00A0C91BC942}") = "DepthBuffer_1", "DepthBuffer_1\DepthBuffer_1.vcxproj", "{4C35F62D-230B-4190-93CF-A686E1B07895}"
EndProject
Project("{2150E333-8FDC-42A3-9474-1A3956D46DE8}") = "2_Tue", "2_Tue", "{79DAA784-AAB9-4BEA-ACF7-899CE0E500A0}"
EndProject
Project("{8BC9CEB8-8B4A-11D0-8D11-00A0C91BC942}") = "StencilBuffer", "StencilBuffer\StencilBuffer.vcxproj", "{A3F93E0C-F57C-42C8-BEB0-A282E300585B}"
	ProjectSection(ProjectDependencies) = postProject
		{234CCF81-7551-4D7D-8475-F7E4D5CA0787} = {234CCF81-7551-4D7D-8475-F7E4D5CA0787}
	EndProjectSection
EndProject
Project("{2150E333-8FDC-42A3-9474-1A3956D46DE8}") = "3_Wed", "3_Wed", "{C0B6B488-1158-4DAA-94F8-F1D882AE9609}"
EndProject
Project("{8BC9CEB8-8B4A-11D0-8D11-00A0C91BC942}") = "Shape", "Shape\Shape.vcxproj", "{E3EE7C5C-6D98-42C7-97CC-0FE85028735F}"
	ProjectSection(ProjectDependencies) = postProject
		{234CCF81-7551-4D7D-8475-F7E4D5CA0787} = {234CCF81-7551-4D7D-8475-F7E4D5CA0787}
	EndProjectSection
EndProject
Project("{2150E333-8FDC-42A3-9474-1A3956D46DE8}") = "4_Thu", "4_Thu", "{9DF96B15-1369-40BD-8191-CE095B94010D}"
EndProject
Project("{8BC9CEB8-8B4A-11D0-8D11-00A0C91BC942}") = "Shape_1", "Shape_1\Shape_1.vcxproj", "{38382969-4B8C-4FF9-8EC5-7011C4009EBE}"
	ProjectSection(ProjectDependencies) = postProject
		{234CCF81-7551-4D7D-8475-F7E4D5CA0787} = {234CCF81-7551-4D7D-8475-F7E4D5CA0787}
	EndProjectSection
EndProject
Project("{8BC9CEB8-8B4A-11D0-8D11-00A0C91BC942}") = "ShapeLib", "ShapeLib\ShapeLib.vcxproj", "{F63A8464-B66C-4426-9A19-B821123E9D89}"
	ProjectSection(ProjectDependencies) = postProject
		{234CCF81-7551-4D7D-8475-F7E4D5CA0787} = {234CCF81-7551-4D7D-8475-F7E4D5CA0787}
	EndProjectSection
EndProject
Project("{2150E333-8FDC-42A3-9474-1A3956D46DE8}") = "5_Fri", "5_Fri", "{0F52709C-4472-4C78-8571-3131C482D08B}"
EndProject
Project("{8BC9CEB8-8B4A-11D0-8D11-00A0C91BC942}") = "Camera_1", "Camera_1\Camera_1.vcxproj", "{AC222728-BBAD-4784-8DB8-36AC5DE3262E}"
	ProjectSection(ProjectDependencies) = postProject
		{234CCF81-7551-4D7D-8475-F7E4D5CA0787} = {234CCF81-7551-4D7D-8475-F7E4D5CA0787}
	EndProjectSection
EndProject
Project("{2150E333-8FDC-42A3-9474-1A3956D46DE8}") = "25_Week", "25_Week", "{DDB1ADD2-51D5-47C0-B590-5AD0F000B984}"
EndProject
Project("{2150E333-8FDC-42A3-9474-1A3956D46DE8}") = "3_Wed", "3_Wed", "{1B12AC90-B66B-4841-AA9F-7AF2EEB1FFB2}"
EndProject
Project("{8BC9CEB8-8B4A-11D0-8D11-00A0C91BC942}") = "Camera_4", "Camera_4\Camera_4.vcxproj", "{C4D59B2B-F4E2-463C-8F4D-6E96BE670468}"
	ProjectSection(ProjectDependencies) = postProject
		{234CCF81-7551-4D7D-8475-F7E4D5CA0787} = {234CCF81-7551-4D7D-8475-F7E4D5CA0787}
	EndProjectSection
EndProject
Project("{2150E333-8FDC-42A3-9474-1A3956D46DE8}") = "4_Thu", "4_Thu", "{8578B3D0-A09A-40DD-A53D-6D4CC1A5F501}"
EndProject
Project("{8BC9CEB8-8B4A-11D0-8D11-00A0C91BC942}") = "Frustum_1", "Frustum_1\Frustum_1.vcxproj", "{48B7A0B7-D530-462E-9532-68027C018C29}"
	ProjectSection(ProjectDependencies) = postProject
		{234CCF81-7551-4D7D-8475-F7E4D5CA0787} = {234CCF81-7551-4D7D-8475-F7E4D5CA0787}
	EndProjectSection
EndProject
Project("{8BC9CEB8-8B4A-11D0-8D11-00A0C91BC942}") = "Boxtex", "Boxtex\Boxtex.vcxproj", "{ADEEA443-F2EE-4776-9874-E95A421B744A}"
	ProjectSection(ProjectDependencies) = postProject
		{234CCF81-7551-4D7D-8475-F7E4D5CA0787} = {234CCF81-7551-4D7D-8475-F7E4D5CA0787}
	EndProjectSection
EndProject
Project("{2150E333-8FDC-42A3-9474-1A3956D46DE8}") = "5_Fri", "5_Fri", "{C762C4CF-FFCA-48A9-8B04-15733D7033F9}"
EndProject
Project("{8BC9CEB8-8B4A-11D0-8D11-00A0C91BC942}") = "TextureRender", "TextureRender\TextureRender.vcxproj", "{5D4A15CB-47A1-4CEE-ACB1-0AE57769BD0B}"
EndProject
Project("{8BC9CEB8-8B4A-11D0-8D11-00A0C91BC942}") = "LibTest_1", "LibTest_1\LibTest_1.vcxproj", "{8FA20497-9F09-43F1-82A5-8EA278D5D56F}"
EndProject
Project("{8BC9CEB8-8B4A-11D0-8D11-00A0C91BC942}") = "TextureRender_1", "TextureRender_1\TextureRender_1.vcxproj", "{EF1BFF7C-42E7-4644-99B7-33A728A3CD6E}"
	ProjectSection(ProjectDependencies) = postProject
		{234CCF81-7551-4D7D-8475-F7E4D5CA0787} = {234CCF81-7551-4D7D-8475-F7E4D5CA0787}
	EndProjectSection
EndProject
Project("{2150E333-8FDC-42A3-9474-1A3956D46DE8}") = "26_Week", "26_Week", "{802F9A56-943C-467F-AD1B-A60E6924D6F5}"
EndProject
Project("{2150E333-8FDC-42A3-9474-1A3956D46DE8}") = "1_Mon", "1_Mon", "{C8A88F6A-BD14-46AE-A0C0-7047BE844B2A}"
EndProject
Project("{8BC9CEB8-8B4A-11D0-8D11-00A0C91BC942}") = "SkyBox_1", "SkyBox_1\SkyBox_1.vcxproj", "{52145109-09F4-41DD-BEB4-4CABAD3BF282}"
	ProjectSection(ProjectDependencies) = postProject
		{234CCF81-7551-4D7D-8475-F7E4D5CA0787} = {234CCF81-7551-4D7D-8475-F7E4D5CA0787}
	EndProjectSection
EndProject
Project("{8BC9CEB8-8B4A-11D0-8D11-00A0C91BC942}") = "sbLib", "sbLib\sbLib.vcxproj", "{D0264DF8-94D7-4F15-9991-C9E25E5C005C}"
	ProjectSection(ProjectDependencies) = postProject
		{234CCF81-7551-4D7D-8475-F7E4D5CA0787} = {234CCF81-7551-4D7D-8475-F7E4D5CA0787}
	EndProjectSection
EndProject
Project("{2150E333-8FDC-42A3-9474-1A3956D46DE8}") = "2_Tue", "2_Tue", "{737B9BCD-73C7-4022-8E05-BE0E02164824}"
EndProject
Project("{8BC9CEB8-8B4A-11D0-8D11-00A0C91BC942}") = "Map_1", "Map_1\Map_1.vcxproj", "{FFD40926-534D-4C26-83C6-8AFBA746D6CC}"
	ProjectSection(ProjectDependencies) = postProject
		{234CCF81-7551-4D7D-8475-F7E4D5CA0787} = {234CCF81-7551-4D7D-8475-F7E4D5CA0787}
	EndProjectSection
EndProject
Project("{2150E333-8FDC-42A3-9474-1A3956D46DE8}") = "3_Wed", "3_Wed", "{68AE21EC-0478-4705-862D-ADC93C1F6D2B}"
EndProject
Project("{8BC9CEB8-8B4A-11D0-8D11-00A0C91BC942}") = "HeightMap", "HeightMap\HeightMap.vcxproj", "{26DA8832-A22F-4DBA-82FE-D891751EC726}"
	ProjectSection(ProjectDependencies) = postProject
		{234CCF81-7551-4D7D-8475-F7E4D5CA0787} = {234CCF81-7551-4D7D-8475-F7E4D5CA0787}
	EndProjectSection
EndProject
Project("{2150E333-8FDC-42A3-9474-1A3956D46DE8}") = "4_Thu", "4_Thu", "{E5CBCEAC-4C20-495D-85B5-65CF23921393}"
EndProject
Project("{8BC9CEB8-8B4A-11D0-8D11-00A0C91BC942}") = "GenNormalHeightMap", "GenNormalHeightMap\GenNormalHeightMap.vcxproj", "{81D2B0CC-9155-44AD-8D79-4DDA1DE2BD62}"
	ProjectSection(ProjectDependencies) = postProject
		{234CCF81-7551-4D7D-8475-F7E4D5CA0787} = {234CCF81-7551-4D7D-8475-F7E4D5CA0787}
	EndProjectSection
EndProject
Project("{2150E333-8FDC-42A3-9474-1A3956D46DE8}") = "27_Week", "27_Week", "{6C62B843-9864-46AF-B75D-6ED8BCCD71AC}"
EndProject
Project("{2150E333-8FDC-42A3-9474-1A3956D46DE8}") = "1_Mon", "1_Mon", "{C6EF230C-734F-4CB5-ABE9-037E47C79660}"
EndProject
Project("{8BC9CEB8-8B4A-11D0-8D11-00A0C91BC942}") = "DiffuseLight", "DiffuseLight\DiffuseLight.vcxproj", "{98182DFB-DE3F-49BD-B308-D6F0CD96B58A}"
	ProjectSection(ProjectDependencies) = postProject
		{234CCF81-7551-4D7D-8475-F7E4D5CA0787} = {234CCF81-7551-4D7D-8475-F7E4D5CA0787}
	EndProjectSection
EndProject
Project("{8BC9CEB8-8B4A-11D0-8D11-00A0C91BC942}") = "SpecularLight", "SpecularLight\SpecularLight.vcxproj", "{82652CCF-CBAB-439B-AFE4-68D784386B0E}"
	ProjectSection(ProjectDependencies) = postProject
		{234CCF81-7551-4D7D-8475-F7E4D5CA0787} = {234CCF81-7551-4D7D-8475-F7E4D5CA0787}
	EndProjectSection
EndProject
Global
	GlobalSection(SolutionConfigurationPlatforms) = preSolution
		Debug|x64 = Debug|x64
		Debug|x86 = Debug|x86
		Release|x64 = Release|x64
		Release|x86 = Release|x86
	EndGlobalSection
	GlobalSection(ProjectConfigurationPlatforms) = postSolution
		{9A148360-AF44-46E9-8BC2-A10B8077C418}.Debug|x64.ActiveCfg = Debug|x64
		{9A148360-AF44-46E9-8BC2-A10B8077C418}.Debug|x64.Build.0 = Debug|x64
		{9A148360-AF44-46E9-8BC2-A10B8077C418}.Debug|x86.ActiveCfg = Debug|Win32
		{9A148360-AF44-46E9-8BC2-A10B8077C418}.Debug|x86.Build.0 = Debug|Win32
		{9A148360-AF44-46E9-8BC2-A10B8077C418}.Release|x64.ActiveCfg = Release|x64
		{9A148360-AF44-46E9-8BC2-A10B8077C418}.Release|x64.Build.0 = Release|x64
		{9A148360-AF44-46E9-8BC2-A10B8077C418}.Release|x86.ActiveCfg = Release|Win32
		{9A148360-AF44-46E9-8BC2-A10B8077C418}.Release|x86.Build.0 = Release|Win32
		{234CCF81-7551-4D7D-8475-F7E4D5CA0787}.Debug|x64.ActiveCfg = Debug|x64
		{234CCF81-7551-4D7D-8475-F7E4D5CA0787}.Debug|x64.Build.0 = Debug|x64
		{234CCF81-7551-4D7D-8475-F7E4D5CA0787}.Debug|x86.ActiveCfg = Debug|Win32
		{234CCF81-7551-4D7D-8475-F7E4D5CA0787}.Debug|x86.Build.0 = Debug|Win32
		{234CCF81-7551-4D7D-8475-F7E4D5CA0787}.Release|x64.ActiveCfg = Release|x64
		{234CCF81-7551-4D7D-8475-F7E4D5CA0787}.Release|x64.Build.0 = Release|x64
		{234CCF81-7551-4D7D-8475-F7E4D5CA0787}.Release|x86.ActiveCfg = Release|Win32
		{234CCF81-7551-4D7D-8475-F7E4D5CA0787}.Release|x86.Build.0 = Release|Win32
		{DEE86A55-ED94-4DE4-8FB7-C3FD3687D466}.Debug|x64.ActiveCfg = Debug|x64
		{DEE86A55-ED94-4DE4-8FB7-C3FD3687D466}.Debug|x64.Build.0 = Debug|x64
		{DEE86A55-ED94-4DE4-8FB7-C3FD3687D466}.Debug|x86.ActiveCfg = Debug|Win32
		{DEE86A55-ED94-4DE4-8FB7-C3FD3687D466}.Debug|x86.Build.0 = Debug|Win32
		{DEE86A55-ED94-4DE4-8FB7-C3FD3687D466}.Release|x64.ActiveCfg = Release|x64
		{DEE86A55-ED94-4DE4-8FB7-C3FD3687D466}.Release|x64.Build.0 = Release|x64
		{DEE86A55-ED94-4DE4-8FB7-C3FD3687D466}.Release|x86.ActiveCfg = Release|Win32
		{DEE86A55-ED94-4DE4-8FB7-C3FD3687D466}.Release|x86.Build.0 = Release|Win32
		{52749338-784A-462D-BF93-AE1D0B5835C6}.Debug|x64.ActiveCfg = Debug|x64
		{52749338-784A-462D-BF93-AE1D0B5835C6}.Debug|x64.Build.0 = Debug|x64
		{52749338-784A-462D-BF93-AE1D0B5835C6}.Debug|x86.ActiveCfg = Debug|Win32
		{52749338-784A-462D-BF93-AE1D0B5835C6}.Debug|x86.Build.0 = Debug|Win32
		{52749338-784A-462D-BF93-AE1D0B5835C6}.Release|x64.ActiveCfg = Release|x64
		{52749338-784A-462D-BF93-AE1D0B5835C6}.Release|x64.Build.0 = Release|x64
		{52749338-784A-462D-BF93-AE1D0B5835C6}.Release|x86.ActiveCfg = Release|Win32
		{52749338-784A-462D-BF93-AE1D0B5835C6}.Release|x86.Build.0 = Release|Win32
		{8F6619DF-46E1-4F42-ABFB-47A7F1228B00}.Debug|x64.ActiveCfg = Debug|x64
		{8F6619DF-46E1-4F42-ABFB-47A7F1228B00}.Debug|x64.Build.0 = Debug|x64
		{8F6619DF-46E1-4F42-ABFB-47A7F1228B00}.Debug|x86.ActiveCfg = Debug|Win32
		{8F6619DF-46E1-4F42-ABFB-47A7F1228B00}.Debug|x86.Build.0 = Debug|Win32
		{8F6619DF-46E1-4F42-ABFB-47A7F1228B00}.Release|x64.ActiveCfg = Release|x64
		{8F6619DF-46E1-4F42-ABFB-47A7F1228B00}.Release|x64.Build.0 = Release|x64
		{8F6619DF-46E1-4F42-ABFB-47A7F1228B00}.Release|x86.ActiveCfg = Release|Win32
		{8F6619DF-46E1-4F42-ABFB-47A7F1228B00}.Release|x86.Build.0 = Release|Win32
		{33810ABD-B9D6-4ADC-8446-29C147BECD5A}.Debug|x64.ActiveCfg = Debug|x64
		{33810ABD-B9D6-4ADC-8446-29C147BECD5A}.Debug|x64.Build.0 = Debug|x64
		{33810ABD-B9D6-4ADC-8446-29C147BECD5A}.Debug|x86.ActiveCfg = Debug|Win32
		{33810ABD-B9D6-4ADC-8446-29C147BECD5A}.Debug|x86.Build.0 = Debug|Win32
		{33810ABD-B9D6-4ADC-8446-29C147BECD5A}.Release|x64.ActiveCfg = Release|x64
		{33810ABD-B9D6-4ADC-8446-29C147BECD5A}.Release|x64.Build.0 = Release|x64
		{33810ABD-B9D6-4ADC-8446-29C147BECD5A}.Release|x86.ActiveCfg = Release|Win32
		{33810ABD-B9D6-4ADC-8446-29C147BECD5A}.Release|x86.Build.0 = Release|Win32
		{44DEA88A-D1E9-4634-BDF7-5381AF6EC743}.Debug|x64.ActiveCfg = Debug|x64
		{44DEA88A-D1E9-4634-BDF7-5381AF6EC743}.Debug|x64.Build.0 = Debug|x64
		{44DEA88A-D1E9-4634-BDF7-5381AF6EC743}.Debug|x86.ActiveCfg = Debug|Win32
		{44DEA88A-D1E9-4634-BDF7-5381AF6EC743}.Debug|x86.Build.0 = Debug|Win32
		{44DEA88A-D1E9-4634-BDF7-5381AF6EC743}.Release|x64.ActiveCfg = Release|x64
		{44DEA88A-D1E9-4634-BDF7-5381AF6EC743}.Release|x64.Build.0 = Release|x64
		{44DEA88A-D1E9-4634-BDF7-5381AF6EC743}.Release|x86.ActiveCfg = Release|Win32
		{44DEA88A-D1E9-4634-BDF7-5381AF6EC743}.Release|x86.Build.0 = Release|Win32
		{11FD1CA1-B46B-44F9-A931-C9B043683D4F}.Debug|x64.ActiveCfg = Debug|x64
		{11FD1CA1-B46B-44F9-A931-C9B043683D4F}.Debug|x64.Build.0 = Debug|x64
		{11FD1CA1-B46B-44F9-A931-C9B043683D4F}.Debug|x86.ActiveCfg = Debug|Win32
		{11FD1CA1-B46B-44F9-A931-C9B043683D4F}.Debug|x86.Build.0 = Debug|Win32
		{11FD1CA1-B46B-44F9-A931-C9B043683D4F}.Release|x64.ActiveCfg = Release|x64
		{11FD1CA1-B46B-44F9-A931-C9B043683D4F}.Release|x64.Build.0 = Release|x64
		{11FD1CA1-B46B-44F9-A931-C9B043683D4F}.Release|x86.ActiveCfg = Release|Win32
		{11FD1CA1-B46B-44F9-A931-C9B043683D4F}.Release|x86.Build.0 = Release|Win32
		{8DD3DC70-FD06-43C3-BB75-85C1EA4FFD1F}.Debug|x64.ActiveCfg = Debug|x64
		{8DD3DC70-FD06-43C3-BB75-85C1EA4FFD1F}.Debug|x64.Build.0 = Debug|x64
		{8DD3DC70-FD06-43C3-BB75-85C1EA4FFD1F}.Debug|x86.ActiveCfg = Debug|Win32
		{8DD3DC70-FD06-43C3-BB75-85C1EA4FFD1F}.Debug|x86.Build.0 = Debug|Win32
		{8DD3DC70-FD06-43C3-BB75-85C1EA4FFD1F}.Release|x64.ActiveCfg = Release|x64
		{8DD3DC70-FD06-43C3-BB75-85C1EA4FFD1F}.Release|x64.Build.0 = Release|x64
		{8DD3DC70-FD06-43C3-BB75-85C1EA4FFD1F}.Release|x86.ActiveCfg = Release|Win32
		{8DD3DC70-FD06-43C3-BB75-85C1EA4FFD1F}.Release|x86.Build.0 = Release|Win32
		{546B1F67-9B62-4971-9F73-39B6FBAFAEB3}.Debug|x64.ActiveCfg = Debug|x64
		{546B1F67-9B62-4971-9F73-39B6FBAFAEB3}.Debug|x64.Build.0 = Debug|x64
		{546B1F67-9B62-4971-9F73-39B6FBAFAEB3}.Debug|x86.ActiveCfg = Debug|Win32
		{546B1F67-9B62-4971-9F73-39B6FBAFAEB3}.Debug|x86.Build.0 = Debug|Win32
		{546B1F67-9B62-4971-9F73-39B6FBAFAEB3}.Release|x64.ActiveCfg = Release|x64
		{546B1F67-9B62-4971-9F73-39B6FBAFAEB3}.Release|x64.Build.0 = Release|x64
		{546B1F67-9B62-4971-9F73-39B6FBAFAEB3}.Release|x86.ActiveCfg = Release|Win32
		{546B1F67-9B62-4971-9F73-39B6FBAFAEB3}.Release|x86.Build.0 = Release|Win32
		{2A3BFDFB-C0B4-4708-88E0-05C36FC46D33}.Debug|x64.ActiveCfg = Debug|x64
		{2A3BFDFB-C0B4-4708-88E0-05C36FC46D33}.Debug|x64.Build.0 = Debug|x64
		{2A3BFDFB-C0B4-4708-88E0-05C36FC46D33}.Debug|x86.ActiveCfg = Debug|Win32
		{2A3BFDFB-C0B4-4708-88E0-05C36FC46D33}.Debug|x86.Build.0 = Debug|Win32
		{2A3BFDFB-C0B4-4708-88E0-05C36FC46D33}.Release|x64.ActiveCfg = Release|x64
		{2A3BFDFB-C0B4-4708-88E0-05C36FC46D33}.Release|x64.Build.0 = Release|x64
		{2A3BFDFB-C0B4-4708-88E0-05C36FC46D33}.Release|x86.ActiveCfg = Release|Win32
		{2A3BFDFB-C0B4-4708-88E0-05C36FC46D33}.Release|x86.Build.0 = Release|Win32
		{AF587CBE-6D24-4983-A6EC-17C31B971F0D}.Debug|x64.ActiveCfg = Debug|x64
		{AF587CBE-6D24-4983-A6EC-17C31B971F0D}.Debug|x64.Build.0 = Debug|x64
		{AF587CBE-6D24-4983-A6EC-17C31B971F0D}.Debug|x86.ActiveCfg = Debug|Win32
		{AF587CBE-6D24-4983-A6EC-17C31B971F0D}.Debug|x86.Build.0 = Debug|Win32
		{AF587CBE-6D24-4983-A6EC-17C31B971F0D}.Release|x64.ActiveCfg = Release|x64
		{AF587CBE-6D24-4983-A6EC-17C31B971F0D}.Release|x64.Build.0 = Release|x64
		{AF587CBE-6D24-4983-A6EC-17C31B971F0D}.Release|x86.ActiveCfg = Release|Win32
		{AF587CBE-6D24-4983-A6EC-17C31B971F0D}.Release|x86.Build.0 = Release|Win32
		{6D3AA32A-7007-4729-8246-9C383F875A8F}.Debug|x64.ActiveCfg = Debug|x64
		{6D3AA32A-7007-4729-8246-9C383F875A8F}.Debug|x64.Build.0 = Debug|x64
		{6D3AA32A-7007-4729-8246-9C383F875A8F}.Debug|x86.ActiveCfg = Debug|Win32
		{6D3AA32A-7007-4729-8246-9C383F875A8F}.Debug|x86.Build.0 = Debug|Win32
		{6D3AA32A-7007-4729-8246-9C383F875A8F}.Release|x64.ActiveCfg = Release|x64
		{6D3AA32A-7007-4729-8246-9C383F875A8F}.Release|x64.Build.0 = Release|x64
		{6D3AA32A-7007-4729-8246-9C383F875A8F}.Release|x86.ActiveCfg = Release|Win32
		{6D3AA32A-7007-4729-8246-9C383F875A8F}.Release|x86.Build.0 = Release|Win32
		{BD7D0E30-FB1F-4236-BF4D-239204B1A8A8}.Debug|x64.ActiveCfg = Debug|x64
		{BD7D0E30-FB1F-4236-BF4D-239204B1A8A8}.Debug|x64.Build.0 = Debug|x64
		{BD7D0E30-FB1F-4236-BF4D-239204B1A8A8}.Debug|x86.ActiveCfg = Debug|Win32
		{BD7D0E30-FB1F-4236-BF4D-239204B1A8A8}.Debug|x86.Build.0 = Debug|Win32
		{BD7D0E30-FB1F-4236-BF4D-239204B1A8A8}.Release|x64.ActiveCfg = Release|x64
		{BD7D0E30-FB1F-4236-BF4D-239204B1A8A8}.Release|x64.Build.0 = Release|x64
		{BD7D0E30-FB1F-4236-BF4D-239204B1A8A8}.Release|x86.ActiveCfg = Release|Win32
		{BD7D0E30-FB1F-4236-BF4D-239204B1A8A8}.Release|x86.Build.0 = Release|Win32
		{D313A44F-BE99-4207-AA2E-B927E0BE48ED}.Debug|x64.ActiveCfg = Debug|x64
		{D313A44F-BE99-4207-AA2E-B927E0BE48ED}.Debug|x64.Build.0 = Debug|x64
		{D313A44F-BE99-4207-AA2E-B927E0BE48ED}.Debug|x86.ActiveCfg = Debug|Win32
		{D313A44F-BE99-4207-AA2E-B927E0BE48ED}.Debug|x86.Build.0 = Debug|Win32
		{D313A44F-BE99-4207-AA2E-B927E0BE48ED}.Release|x64.ActiveCfg = Release|x64
		{D313A44F-BE99-4207-AA2E-B927E0BE48ED}.Release|x64.Build.0 = Release|x64
		{D313A44F-BE99-4207-AA2E-B927E0BE48ED}.Release|x86.ActiveCfg = Release|Win32
		{D313A44F-BE99-4207-AA2E-B927E0BE48ED}.Release|x86.Build.0 = Release|Win32
		{85899AD9-8BAD-41A7-82AF-B7E156B487CD}.Debug|x64.ActiveCfg = Debug|x64
		{85899AD9-8BAD-41A7-82AF-B7E156B487CD}.Debug|x64.Build.0 = Debug|x64
		{85899AD9-8BAD-41A7-82AF-B7E156B487CD}.Debug|x86.ActiveCfg = Debug|Win32
		{85899AD9-8BAD-41A7-82AF-B7E156B487CD}.Debug|x86.Build.0 = Debug|Win32
		{85899AD9-8BAD-41A7-82AF-B7E156B487CD}.Release|x64.ActiveCfg = Release|x64
		{85899AD9-8BAD-41A7-82AF-B7E156B487CD}.Release|x64.Build.0 = Release|x64
		{85899AD9-8BAD-41A7-82AF-B7E156B487CD}.Release|x86.ActiveCfg = Release|Win32
		{85899AD9-8BAD-41A7-82AF-B7E156B487CD}.Release|x86.Build.0 = Release|Win32
		{A89B7B1E-25B5-40D6-804D-E1BBB0E987AF}.Debug|x64.ActiveCfg = Debug|x64
		{A89B7B1E-25B5-40D6-804D-E1BBB0E987AF}.Debug|x64.Build.0 = Debug|x64
		{A89B7B1E-25B5-40D6-804D-E1BBB0E987AF}.Debug|x86.ActiveCfg = Debug|Win32
		{A89B7B1E-25B5-40D6-804D-E1BBB0E987AF}.Debug|x86.Build.0 = Debug|Win32
		{A89B7B1E-25B5-40D6-804D-E1BBB0E987AF}.Release|x64.ActiveCfg = Release|x64
		{A89B7B1E-25B5-40D6-804D-E1BBB0E987AF}.Release|x64.Build.0 = Release|x64
		{A89B7B1E-25B5-40D6-804D-E1BBB0E987AF}.Release|x86.ActiveCfg = Release|Win32
		{A89B7B1E-25B5-40D6-804D-E1BBB0E987AF}.Release|x86.Build.0 = Release|Win32
		{693B67CE-5953-4EBB-A90C-4EFFB3DBCF7E}.Debug|x64.ActiveCfg = Debug|x64
		{693B67CE-5953-4EBB-A90C-4EFFB3DBCF7E}.Debug|x64.Build.0 = Debug|x64
		{693B67CE-5953-4EBB-A90C-4EFFB3DBCF7E}.Debug|x86.ActiveCfg = Debug|Win32
		{693B67CE-5953-4EBB-A90C-4EFFB3DBCF7E}.Debug|x86.Build.0 = Debug|Win32
		{693B67CE-5953-4EBB-A90C-4EFFB3DBCF7E}.Release|x64.ActiveCfg = Release|x64
		{693B67CE-5953-4EBB-A90C-4EFFB3DBCF7E}.Release|x64.Build.0 = Release|x64
		{693B67CE-5953-4EBB-A90C-4EFFB3DBCF7E}.Release|x86.ActiveCfg = Release|Win32
		{693B67CE-5953-4EBB-A90C-4EFFB3DBCF7E}.Release|x86.Build.0 = Release|Win32
		{61E1E625-B7DE-4CD0-9D3B-BFD84E0022D0}.Debug|x64.ActiveCfg = Debug|x64
		{61E1E625-B7DE-4CD0-9D3B-BFD84E0022D0}.Debug|x64.Build.0 = Debug|x64
		{61E1E625-B7DE-4CD0-9D3B-BFD84E0022D0}.Debug|x86.ActiveCfg = Debug|Win32
		{61E1E625-B7DE-4CD0-9D3B-BFD84E0022D0}.Debug|x86.Build.0 = Debug|Win32
		{61E1E625-B7DE-4CD0-9D3B-BFD84E0022D0}.Release|x64.ActiveCfg = Release|x64
		{61E1E625-B7DE-4CD0-9D3B-BFD84E0022D0}.Release|x64.Build.0 = Release|x64
		{61E1E625-B7DE-4CD0-9D3B-BFD84E0022D0}.Release|x86.ActiveCfg = Release|Win32
		{61E1E625-B7DE-4CD0-9D3B-BFD84E0022D0}.Release|x86.Build.0 = Release|Win32
		{5131BDB5-15F3-40B7-8CBB-56188519C677}.Debug|x64.ActiveCfg = Debug|x64
		{5131BDB5-15F3-40B7-8CBB-56188519C677}.Debug|x64.Build.0 = Debug|x64
		{5131BDB5-15F3-40B7-8CBB-56188519C677}.Debug|x86.ActiveCfg = Debug|Win32
		{5131BDB5-15F3-40B7-8CBB-56188519C677}.Debug|x86.Build.0 = Debug|Win32
		{5131BDB5-15F3-40B7-8CBB-56188519C677}.Release|x64.ActiveCfg = Release|x64
		{5131BDB5-15F3-40B7-8CBB-56188519C677}.Release|x64.Build.0 = Release|x64
		{5131BDB5-15F3-40B7-8CBB-56188519C677}.Release|x86.ActiveCfg = Release|Win32
		{5131BDB5-15F3-40B7-8CBB-56188519C677}.Release|x86.Build.0 = Release|Win32
		{3635D005-78D0-439C-BF30-9B4D8F49B7CC}.Debug|x64.ActiveCfg = Debug|x64
		{3635D005-78D0-439C-BF30-9B4D8F49B7CC}.Debug|x64.Build.0 = Debug|x64
		{3635D005-78D0-439C-BF30-9B4D8F49B7CC}.Debug|x86.ActiveCfg = Debug|Win32
		{3635D005-78D0-439C-BF30-9B4D8F49B7CC}.Debug|x86.Build.0 = Debug|Win32
		{3635D005-78D0-439C-BF30-9B4D8F49B7CC}.Release|x64.ActiveCfg = Release|x64
		{3635D005-78D0-439C-BF30-9B4D8F49B7CC}.Release|x64.Build.0 = Release|x64
		{3635D005-78D0-439C-BF30-9B4D8F49B7CC}.Release|x86.ActiveCfg = Release|Win32
		{3635D005-78D0-439C-BF30-9B4D8F49B7CC}.Release|x86.Build.0 = Release|Win32
		{A5725E55-EE71-4B48-BDC9-F7007DB44A95}.Debug|x64.ActiveCfg = Debug|x64
		{A5725E55-EE71-4B48-BDC9-F7007DB44A95}.Debug|x64.Build.0 = Debug|x64
		{A5725E55-EE71-4B48-BDC9-F7007DB44A95}.Debug|x86.ActiveCfg = Debug|Win32
		{A5725E55-EE71-4B48-BDC9-F7007DB44A95}.Debug|x86.Build.0 = Debug|Win32
		{A5725E55-EE71-4B48-BDC9-F7007DB44A95}.Release|x64.ActiveCfg = Release|x64
		{A5725E55-EE71-4B48-BDC9-F7007DB44A95}.Release|x64.Build.0 = Release|x64
		{A5725E55-EE71-4B48-BDC9-F7007DB44A95}.Release|x86.ActiveCfg = Release|Win32
		{A5725E55-EE71-4B48-BDC9-F7007DB44A95}.Release|x86.Build.0 = Release|Win32
		{99D73525-AB27-4AFA-AA02-97233E5FAD45}.Debug|x64.ActiveCfg = Debug|x64
		{99D73525-AB27-4AFA-AA02-97233E5FAD45}.Debug|x64.Build.0 = Debug|x64
		{99D73525-AB27-4AFA-AA02-97233E5FAD45}.Debug|x86.ActiveCfg = Debug|Win32
		{99D73525-AB27-4AFA-AA02-97233E5FAD45}.Debug|x86.Build.0 = Debug|Win32
		{99D73525-AB27-4AFA-AA02-97233E5FAD45}.Release|x64.ActiveCfg = Release|x64
		{99D73525-AB27-4AFA-AA02-97233E5FAD45}.Release|x64.Build.0 = Release|x64
		{99D73525-AB27-4AFA-AA02-97233E5FAD45}.Release|x86.ActiveCfg = Release|Win32
		{99D73525-AB27-4AFA-AA02-97233E5FAD45}.Release|x86.Build.0 = Release|Win32
		{35C08BBE-FC8C-4B3A-8125-7EBCF43C96F0}.Debug|x64.ActiveCfg = Debug|x64
		{35C08BBE-FC8C-4B3A-8125-7EBCF43C96F0}.Debug|x64.Build.0 = Debug|x64
		{35C08BBE-FC8C-4B3A-8125-7EBCF43C96F0}.Debug|x86.ActiveCfg = Debug|Win32
		{35C08BBE-FC8C-4B3A-8125-7EBCF43C96F0}.Debug|x86.Build.0 = Debug|Win32
		{35C08BBE-FC8C-4B3A-8125-7EBCF43C96F0}.Release|x64.ActiveCfg = Release|x64
		{35C08BBE-FC8C-4B3A-8125-7EBCF43C96F0}.Release|x64.Build.0 = Release|x64
		{35C08BBE-FC8C-4B3A-8125-7EBCF43C96F0}.Release|x86.ActiveCfg = Release|Win32
		{35C08BBE-FC8C-4B3A-8125-7EBCF43C96F0}.Release|x86.Build.0 = Release|Win32
		{3D89B265-374F-4D9B-90B2-43EF5AA07632}.Debug|x64.ActiveCfg = Debug|x64
		{3D89B265-374F-4D9B-90B2-43EF5AA07632}.Debug|x64.Build.0 = Debug|x64
		{3D89B265-374F-4D9B-90B2-43EF5AA07632}.Debug|x86.ActiveCfg = Debug|Win32
		{3D89B265-374F-4D9B-90B2-43EF5AA07632}.Debug|x86.Build.0 = Debug|Win32
		{3D89B265-374F-4D9B-90B2-43EF5AA07632}.Release|x64.ActiveCfg = Release|x64
		{3D89B265-374F-4D9B-90B2-43EF5AA07632}.Release|x64.Build.0 = Release|x64
		{3D89B265-374F-4D9B-90B2-43EF5AA07632}.Release|x86.ActiveCfg = Release|Win32
		{3D89B265-374F-4D9B-90B2-43EF5AA07632}.Release|x86.Build.0 = Release|Win32
		{7C85F764-7B1B-4412-BF6F-124E82065FAB}.Debug|x64.ActiveCfg = Debug|x64
		{7C85F764-7B1B-4412-BF6F-124E82065FAB}.Debug|x64.Build.0 = Debug|x64
		{7C85F764-7B1B-4412-BF6F-124E82065FAB}.Debug|x86.ActiveCfg = Debug|Win32
		{7C85F764-7B1B-4412-BF6F-124E82065FAB}.Debug|x86.Build.0 = Debug|Win32
		{7C85F764-7B1B-4412-BF6F-124E82065FAB}.Release|x64.ActiveCfg = Release|x64
		{7C85F764-7B1B-4412-BF6F-124E82065FAB}.Release|x64.Build.0 = Release|x64
		{7C85F764-7B1B-4412-BF6F-124E82065FAB}.Release|x86.ActiveCfg = Release|Win32
		{7C85F764-7B1B-4412-BF6F-124E82065FAB}.Release|x86.Build.0 = Release|Win32
		{748B4B19-1221-42D6-81A9-65CC75E71968}.Debug|x64.ActiveCfg = Debug|x64
		{748B4B19-1221-42D6-81A9-65CC75E71968}.Debug|x64.Build.0 = Debug|x64
		{748B4B19-1221-42D6-81A9-65CC75E71968}.Debug|x86.ActiveCfg = Debug|Win32
		{748B4B19-1221-42D6-81A9-65CC75E71968}.Debug|x86.Build.0 = Debug|Win32
		{748B4B19-1221-42D6-81A9-65CC75E71968}.Release|x64.ActiveCfg = Release|x64
		{748B4B19-1221-42D6-81A9-65CC75E71968}.Release|x64.Build.0 = Release|x64
		{748B4B19-1221-42D6-81A9-65CC75E71968}.Release|x86.ActiveCfg = Release|Win32
		{748B4B19-1221-42D6-81A9-65CC75E71968}.Release|x86.Build.0 = Release|Win32
		{7E080C16-569D-4273-B113-B562157A6B87}.Debug|x64.ActiveCfg = Debug|x64
		{7E080C16-569D-4273-B113-B562157A6B87}.Debug|x64.Build.0 = Debug|x64
		{7E080C16-569D-4273-B113-B562157A6B87}.Debug|x86.ActiveCfg = Debug|Win32
		{7E080C16-569D-4273-B113-B562157A6B87}.Debug|x86.Build.0 = Debug|Win32
		{7E080C16-569D-4273-B113-B562157A6B87}.Release|x64.ActiveCfg = Release|x64
		{7E080C16-569D-4273-B113-B562157A6B87}.Release|x64.Build.0 = Release|x64
		{7E080C16-569D-4273-B113-B562157A6B87}.Release|x86.ActiveCfg = Release|Win32
		{7E080C16-569D-4273-B113-B562157A6B87}.Release|x86.Build.0 = Release|Win32
		{4C35F62D-230B-4190-93CF-A686E1B07895}.Debug|x64.ActiveCfg = Debug|x64
		{4C35F62D-230B-4190-93CF-A686E1B07895}.Debug|x64.Build.0 = Debug|x64
		{4C35F62D-230B-4190-93CF-A686E1B07895}.Debug|x86.ActiveCfg = Debug|Win32
		{4C35F62D-230B-4190-93CF-A686E1B07895}.Debug|x86.Build.0 = Debug|Win32
		{4C35F62D-230B-4190-93CF-A686E1B07895}.Release|x64.ActiveCfg = Release|x64
		{4C35F62D-230B-4190-93CF-A686E1B07895}.Release|x64.Build.0 = Release|x64
		{4C35F62D-230B-4190-93CF-A686E1B07895}.Release|x86.ActiveCfg = Release|Win32
		{4C35F62D-230B-4190-93CF-A686E1B07895}.Release|x86.Build.0 = Release|Win32
		{A3F93E0C-F57C-42C8-BEB0-A282E300585B}.Debug|x64.ActiveCfg = Debug|x64
		{A3F93E0C-F57C-42C8-BEB0-A282E300585B}.Debug|x64.Build.0 = Debug|x64
		{A3F93E0C-F57C-42C8-BEB0-A282E300585B}.Debug|x86.ActiveCfg = Debug|Win32
		{A3F93E0C-F57C-42C8-BEB0-A282E300585B}.Debug|x86.Build.0 = Debug|Win32
		{A3F93E0C-F57C-42C8-BEB0-A282E300585B}.Release|x64.ActiveCfg = Release|x64
		{A3F93E0C-F57C-42C8-BEB0-A282E300585B}.Release|x64.Build.0 = Release|x64
		{A3F93E0C-F57C-42C8-BEB0-A282E300585B}.Release|x86.ActiveCfg = Release|Win32
		{A3F93E0C-F57C-42C8-BEB0-A282E300585B}.Release|x86.Build.0 = Release|Win32
		{E3EE7C5C-6D98-42C7-97CC-0FE85028735F}.Debug|x64.ActiveCfg = Debug|x64
		{E3EE7C5C-6D98-42C7-97CC-0FE85028735F}.Debug|x64.Build.0 = Debug|x64
		{E3EE7C5C-6D98-42C7-97CC-0FE85028735F}.Debug|x86.ActiveCfg = Debug|Win32
		{E3EE7C5C-6D98-42C7-97CC-0FE85028735F}.Debug|x86.Build.0 = Debug|Win32
		{E3EE7C5C-6D98-42C7-97CC-0FE85028735F}.Release|x64.ActiveCfg = Release|x64
		{E3EE7C5C-6D98-42C7-97CC-0FE85028735F}.Release|x64.Build.0 = Release|x64
		{E3EE7C5C-6D98-42C7-97CC-0FE85028735F}.Release|x86.ActiveCfg = Release|Win32
		{E3EE7C5C-6D98-42C7-97CC-0FE85028735F}.Release|x86.Build.0 = Release|Win32
		{38382969-4B8C-4FF9-8EC5-7011C4009EBE}.Debug|x64.ActiveCfg = Debug|x64
		{38382969-4B8C-4FF9-8EC5-7011C4009EBE}.Debug|x64.Build.0 = Debug|x64
		{38382969-4B8C-4FF9-8EC5-7011C4009EBE}.Debug|x86.ActiveCfg = Debug|Win32
		{38382969-4B8C-4FF9-8EC5-7011C4009EBE}.Debug|x86.Build.0 = Debug|Win32
		{38382969-4B8C-4FF9-8EC5-7011C4009EBE}.Release|x64.ActiveCfg = Release|x64
		{38382969-4B8C-4FF9-8EC5-7011C4009EBE}.Release|x64.Build.0 = Release|x64
		{38382969-4B8C-4FF9-8EC5-7011C4009EBE}.Release|x86.ActiveCfg = Release|Win32
		{38382969-4B8C-4FF9-8EC5-7011C4009EBE}.Release|x86.Build.0 = Release|Win32
		{F63A8464-B66C-4426-9A19-B821123E9D89}.Debug|x64.ActiveCfg = Debug|x64
		{F63A8464-B66C-4426-9A19-B821123E9D89}.Debug|x64.Build.0 = Debug|x64
		{F63A8464-B66C-4426-9A19-B821123E9D89}.Debug|x86.ActiveCfg = Debug|Win32
		{F63A8464-B66C-4426-9A19-B821123E9D89}.Debug|x86.Build.0 = Debug|Win32
		{F63A8464-B66C-4426-9A19-B821123E9D89}.Release|x64.ActiveCfg = Release|x64
		{F63A8464-B66C-4426-9A19-B821123E9D89}.Release|x64.Build.0 = Release|x64
		{F63A8464-B66C-4426-9A19-B821123E9D89}.Release|x86.ActiveCfg = Release|Win32
		{F63A8464-B66C-4426-9A19-B821123E9D89}.Release|x86.Build.0 = Release|Win32
		{AC222728-BBAD-4784-8DB8-36AC5DE3262E}.Debug|x64.ActiveCfg = Debug|x64
		{AC222728-BBAD-4784-8DB8-36AC5DE3262E}.Debug|x64.Build.0 = Debug|x64
		{AC222728-BBAD-4784-8DB8-36AC5DE3262E}.Debug|x86.ActiveCfg = Debug|Win32
		{AC222728-BBAD-4784-8DB8-36AC5DE3262E}.Debug|x86.Build.0 = Debug|Win32
		{AC222728-BBAD-4784-8DB8-36AC5DE3262E}.Release|x64.ActiveCfg = Release|x64
		{AC222728-BBAD-4784-8DB8-36AC5DE3262E}.Release|x64.Build.0 = Release|x64
		{AC222728-BBAD-4784-8DB8-36AC5DE3262E}.Release|x86.ActiveCfg = Release|Win32
		{AC222728-BBAD-4784-8DB8-36AC5DE3262E}.Release|x86.Build.0 = Release|Win32
		{C4D59B2B-F4E2-463C-8F4D-6E96BE670468}.Debug|x64.ActiveCfg = Debug|x64
		{C4D59B2B-F4E2-463C-8F4D-6E96BE670468}.Debug|x64.Build.0 = Debug|x64
		{C4D59B2B-F4E2-463C-8F4D-6E96BE670468}.Debug|x86.ActiveCfg = Debug|Win32
		{C4D59B2B-F4E2-463C-8F4D-6E96BE670468}.Debug|x86.Build.0 = Debug|Win32
		{C4D59B2B-F4E2-463C-8F4D-6E96BE670468}.Release|x64.ActiveCfg = Release|x64
		{C4D59B2B-F4E2-463C-8F4D-6E96BE670468}.Release|x64.Build.0 = Release|x64
		{C4D59B2B-F4E2-463C-8F4D-6E96BE670468}.Release|x86.ActiveCfg = Release|Win32
		{C4D59B2B-F4E2-463C-8F4D-6E96BE670468}.Release|x86.Build.0 = Release|Win32
		{48B7A0B7-D530-462E-9532-68027C018C29}.Debug|x64.ActiveCfg = Debug|x64
		{48B7A0B7-D530-462E-9532-68027C018C29}.Debug|x64.Build.0 = Debug|x64
		{48B7A0B7-D530-462E-9532-68027C018C29}.Debug|x86.ActiveCfg = Debug|Win32
		{48B7A0B7-D530-462E-9532-68027C018C29}.Debug|x86.Build.0 = Debug|Win32
		{48B7A0B7-D530-462E-9532-68027C018C29}.Release|x64.ActiveCfg = Release|x64
		{48B7A0B7-D530-462E-9532-68027C018C29}.Release|x64.Build.0 = Release|x64
		{48B7A0B7-D530-462E-9532-68027C018C29}.Release|x86.ActiveCfg = Release|Win32
		{48B7A0B7-D530-462E-9532-68027C018C29}.Release|x86.Build.0 = Release|Win32
		{ADEEA443-F2EE-4776-9874-E95A421B744A}.Debug|x64.ActiveCfg = Debug|x64
		{ADEEA443-F2EE-4776-9874-E95A421B744A}.Debug|x64.Build.0 = Debug|x64
		{ADEEA443-F2EE-4776-9874-E95A421B744A}.Debug|x86.ActiveCfg = Debug|Win32
		{ADEEA443-F2EE-4776-9874-E95A421B744A}.Debug|x86.Build.0 = Debug|Win32
		{ADEEA443-F2EE-4776-9874-E95A421B744A}.Release|x64.ActiveCfg = Release|x64
		{ADEEA443-F2EE-4776-9874-E95A421B744A}.Release|x64.Build.0 = Release|x64
		{ADEEA443-F2EE-4776-9874-E95A421B744A}.Release|x86.ActiveCfg = Release|Win32
		{ADEEA443-F2EE-4776-9874-E95A421B744A}.Release|x86.Build.0 = Release|Win32
		{5D4A15CB-47A1-4CEE-ACB1-0AE57769BD0B}.Debug|x64.ActiveCfg = Debug|x64
		{5D4A15CB-47A1-4CEE-ACB1-0AE57769BD0B}.Debug|x64.Build.0 = Debug|x64
		{5D4A15CB-47A1-4CEE-ACB1-0AE57769BD0B}.Debug|x86.ActiveCfg = Debug|Win32
		{5D4A15CB-47A1-4CEE-ACB1-0AE57769BD0B}.Debug|x86.Build.0 = Debug|Win32
		{5D4A15CB-47A1-4CEE-ACB1-0AE57769BD0B}.Release|x64.ActiveCfg = Release|x64
		{5D4A15CB-47A1-4CEE-ACB1-0AE57769BD0B}.Release|x64.Build.0 = Release|x64
		{5D4A15CB-47A1-4CEE-ACB1-0AE57769BD0B}.Release|x86.ActiveCfg = Release|Win32
		{5D4A15CB-47A1-4CEE-ACB1-0AE57769BD0B}.Release|x86.Build.0 = Release|Win32
		{8FA20497-9F09-43F1-82A5-8EA278D5D56F}.Debug|x64.ActiveCfg = Debug|x64
		{8FA20497-9F09-43F1-82A5-8EA278D5D56F}.Debug|x64.Build.0 = Debug|x64
		{8FA20497-9F09-43F1-82A5-8EA278D5D56F}.Debug|x86.ActiveCfg = Debug|Win32
		{8FA20497-9F09-43F1-82A5-8EA278D5D56F}.Debug|x86.Build.0 = Debug|Win32
		{8FA20497-9F09-43F1-82A5-8EA278D5D56F}.Release|x64.ActiveCfg = Release|x64
		{8FA20497-9F09-43F1-82A5-8EA278D5D56F}.Release|x64.Build.0 = Release|x64
		{8FA20497-9F09-43F1-82A5-8EA278D5D56F}.Release|x86.ActiveCfg = Release|Win32
		{8FA20497-9F09-43F1-82A5-8EA278D5D56F}.Release|x86.Build.0 = Release|Win32
		{EF1BFF7C-42E7-4644-99B7-33A728A3CD6E}.Debug|x64.ActiveCfg = Debug|x64
		{EF1BFF7C-42E7-4644-99B7-33A728A3CD6E}.Debug|x64.Build.0 = Debug|x64
		{EF1BFF7C-42E7-4644-99B7-33A728A3CD6E}.Debug|x86.ActiveCfg = Debug|Win32
		{EF1BFF7C-42E7-4644-99B7-33A728A3CD6E}.Debug|x86.Build.0 = Debug|Win32
		{EF1BFF7C-42E7-4644-99B7-33A728A3CD6E}.Release|x64.ActiveCfg = Release|x64
		{EF1BFF7C-42E7-4644-99B7-33A728A3CD6E}.Release|x64.Build.0 = Release|x64
		{EF1BFF7C-42E7-4644-99B7-33A728A3CD6E}.Release|x86.ActiveCfg = Release|Win32
		{EF1BFF7C-42E7-4644-99B7-33A728A3CD6E}.Release|x86.Build.0 = Release|Win32
		{52145109-09F4-41DD-BEB4-4CABAD3BF282}.Debug|x64.ActiveCfg = Debug|x64
		{52145109-09F4-41DD-BEB4-4CABAD3BF282}.Debug|x64.Build.0 = Debug|x64
		{52145109-09F4-41DD-BEB4-4CABAD3BF282}.Debug|x86.ActiveCfg = Debug|Win32
		{52145109-09F4-41DD-BEB4-4CABAD3BF282}.Debug|x86.Build.0 = Debug|Win32
		{52145109-09F4-41DD-BEB4-4CABAD3BF282}.Release|x64.ActiveCfg = Release|x64
		{52145109-09F4-41DD-BEB4-4CABAD3BF282}.Release|x64.Build.0 = Release|x64
		{52145109-09F4-41DD-BEB4-4CABAD3BF282}.Release|x86.ActiveCfg = Release|Win32
		{52145109-09F4-41DD-BEB4-4CABAD3BF282}.Release|x86.Build.0 = Release|Win32
		{D0264DF8-94D7-4F15-9991-C9E25E5C005C}.Debug|x64.ActiveCfg = Debug|x64
		{D0264DF8-94D7-4F15-9991-C9E25E5C005C}.Debug|x64.Build.0 = Debug|x64
		{D0264DF8-94D7-4F15-9991-C9E25E5C005C}.Debug|x86.ActiveCfg = Debug|Win32
		{D0264DF8-94D7-4F15-9991-C9E25E5C005C}.Debug|x86.Build.0 = Debug|Win32
		{D0264DF8-94D7-4F15-9991-C9E25E5C005C}.Release|x64.ActiveCfg = Release|x64
		{D0264DF8-94D7-4F15-9991-C9E25E5C005C}.Release|x64.Build.0 = Release|x64
		{D0264DF8-94D7-4F15-9991-C9E25E5C005C}.Release|x86.ActiveCfg = Release|Win32
		{D0264DF8-94D7-4F15-9991-C9E25E5C005C}.Release|x86.Build.0 = Release|Win32
		{FFD40926-534D-4C26-83C6-8AFBA746D6CC}.Debug|x64.ActiveCfg = Debug|x64
		{FFD40926-534D-4C26-83C6-8AFBA746D6CC}.Debug|x64.Build.0 = Debug|x64
		{FFD40926-534D-4C26-83C6-8AFBA746D6CC}.Debug|x86.ActiveCfg = Debug|Win32
		{FFD40926-534D-4C26-83C6-8AFBA746D6CC}.Debug|x86.Build.0 = Debug|Win32
		{FFD40926-534D-4C26-83C6-8AFBA746D6CC}.Release|x64.ActiveCfg = Release|x64
		{FFD40926-534D-4C26-83C6-8AFBA746D6CC}.Release|x64.Build.0 = Release|x64
		{FFD40926-534D-4C26-83C6-8AFBA746D6CC}.Release|x86.ActiveCfg = Release|Win32
		{FFD40926-534D-4C26-83C6-8AFBA746D6CC}.Release|x86.Build.0 = Release|Win32
		{26DA8832-A22F-4DBA-82FE-D891751EC726}.Debug|x64.ActiveCfg = Debug|x64
		{26DA8832-A22F-4DBA-82FE-D891751EC726}.Debug|x64.Build.0 = Debug|x64
		{26DA8832-A22F-4DBA-82FE-D891751EC726}.Debug|x86.ActiveCfg = Debug|Win32
		{26DA8832-A22F-4DBA-82FE-D891751EC726}.Debug|x86.Build.0 = Debug|Win32
		{26DA8832-A22F-4DBA-82FE-D891751EC726}.Release|x64.ActiveCfg = Release|x64
		{26DA8832-A22F-4DBA-82FE-D891751EC726}.Release|x64.Build.0 = Release|x64
		{26DA8832-A22F-4DBA-82FE-D891751EC726}.Release|x86.ActiveCfg = Release|Win32
		{26DA8832-A22F-4DBA-82FE-D891751EC726}.Release|x86.Build.0 = Release|Win32
		{81D2B0CC-9155-44AD-8D79-4DDA1DE2BD62}.Debug|x64.ActiveCfg = Debug|x64
		{81D2B0CC-9155-44AD-8D79-4DDA1DE2BD62}.Debug|x64.Build.0 = Debug|x64
		{81D2B0CC-9155-44AD-8D79-4DDA1DE2BD62}.Debug|x86.ActiveCfg = Debug|Win32
		{81D2B0CC-9155-44AD-8D79-4DDA1DE2BD62}.Debug|x86.Build.0 = Debug|Win32
		{81D2B0CC-9155-44AD-8D79-4DDA1DE2BD62}.Release|x64.ActiveCfg = Release|x64
		{81D2B0CC-9155-44AD-8D79-4DDA1DE2BD62}.Release|x64.Build.0 = Release|x64
		{81D2B0CC-9155-44AD-8D79-4DDA1DE2BD62}.Release|x86.ActiveCfg = Release|Win32
		{81D2B0CC-9155-44AD-8D79-4DDA1DE2BD62}.Release|x86.Build.0 = Release|Win32
		{98182DFB-DE3F-49BD-B308-D6F0CD96B58A}.Debug|x64.ActiveCfg = Debug|x64
		{98182DFB-DE3F-49BD-B308-D6F0CD96B58A}.Debug|x64.Build.0 = Debug|x64
		{98182DFB-DE3F-49BD-B308-D6F0CD96B58A}.Debug|x86.ActiveCfg = Debug|Win32
		{98182DFB-DE3F-49BD-B308-D6F0CD96B58A}.Debug|x86.Build.0 = Debug|Win32
		{98182DFB-DE3F-49BD-B308-D6F0CD96B58A}.Release|x64.ActiveCfg = Release|x64
		{98182DFB-DE3F-49BD-B308-D6F0CD96B58A}.Release|x64.Build.0 = Release|x64
		{98182DFB-DE3F-49BD-B308-D6F0CD96B58A}.Release|x86.ActiveCfg = Release|Win32
		{98182DFB-DE3F-49BD-B308-D6F0CD96B58A}.Release|x86.Build.0 = Release|Win32
		{82652CCF-CBAB-439B-AFE4-68D784386B0E}.Debug|x64.ActiveCfg = Debug|x64
		{82652CCF-CBAB-439B-AFE4-68D784386B0E}.Debug|x64.Build.0 = Debug|x64
		{82652CCF-CBAB-439B-AFE4-68D784386B0E}.Debug|x86.ActiveCfg = Debug|Win32
		{82652CCF-CBAB-439B-AFE4-68D784386B0E}.Debug|x86.Build.0 = Debug|Win32
		{82652CCF-CBAB-439B-AFE4-68D784386B0E}.Release|x64.ActiveCfg = Release|x64
		{82652CCF-CBAB-439B-AFE4-68D784386B0E}.Release|x64.Build.0 = Release|x64
		{82652CCF-CBAB-439B-AFE4-68D784386B0E}.Release|x86.ActiveCfg = Release|Win32
		{82652CCF-CBAB-439B-AFE4-68D784386B0E}.Release|x86.Build.0 = Release|Win32
	EndGlobalSection
	GlobalSection(SolutionProperties) = preSolution
		HideSolutionNode = FALSE
	EndGlobalSection
	GlobalSection(NestedProjects) = preSolution
		{6F258AD3-8EB3-440E-A381-6043616E0D78} = {4844719A-1508-4797-AAC3-49D2FE449D02}
		{9A148360-AF44-46E9-8BC2-A10B8077C418} = {08CE2B92-3ADB-4D2D-A67D-8A5772B261A1}
		{5EC39ABC-86AC-4D60-811E-16D821874554} = {A6EB32F7-B687-4B20-AD87-E1852FACC4A9}
		{DEE86A55-ED94-4DE4-8FB7-C3FD3687D466} = {6F258AD3-8EB3-440E-A381-6043616E0D78}
		{52749338-784A-462D-BF93-AE1D0B5835C6} = {6F258AD3-8EB3-440E-A381-6043616E0D78}
		{8F6619DF-46E1-4F42-ABFB-47A7F1228B00} = {5EC39ABC-86AC-4D60-811E-16D821874554}
		{33810ABD-B9D6-4ADC-8446-29C147BECD5A} = {5EC39ABC-86AC-4D60-811E-16D821874554}
		{44DEA88A-D1E9-4634-BDF7-5381AF6EC743} = {5EC39ABC-86AC-4D60-811E-16D821874554}
		{20B616C7-358F-46DB-A69F-4BA2DD157838} = {A6EB32F7-B687-4B20-AD87-E1852FACC4A9}
		{11FD1CA1-B46B-44F9-A931-C9B043683D4F} = {20B616C7-358F-46DB-A69F-4BA2DD157838}
		{8DD3DC70-FD06-43C3-BB75-85C1EA4FFD1F} = {20B616C7-358F-46DB-A69F-4BA2DD157838}
		{546B1F67-9B62-4971-9F73-39B6FBAFAEB3} = {20B616C7-358F-46DB-A69F-4BA2DD157838}
		{DCDEC919-F78B-471F-B7E9-D717CA3D7400} = {A6EB32F7-B687-4B20-AD87-E1852FACC4A9}
		{2A3BFDFB-C0B4-4708-88E0-05C36FC46D33} = {DCDEC919-F78B-471F-B7E9-D717CA3D7400}
		{AF587CBE-6D24-4983-A6EC-17C31B971F0D} = {DCDEC919-F78B-471F-B7E9-D717CA3D7400}
		{461F3720-0683-4B69-846F-2D6D22C1A549} = {A6EB32F7-B687-4B20-AD87-E1852FACC4A9}
		{6D3AA32A-7007-4729-8246-9C383F875A8F} = {461F3720-0683-4B69-846F-2D6D22C1A549}
		{295A2DAF-39C3-488D-8E44-9C61B2A5FF91} = {A6EB32F7-B687-4B20-AD87-E1852FACC4A9}
		{BD7D0E30-FB1F-4236-BF4D-239204B1A8A8} = {295A2DAF-39C3-488D-8E44-9C61B2A5FF91}
		{88CBB103-3BA8-46BC-8ABD-E393807227A5} = {02CC717D-A7DF-4699-93F1-2538C6C2AEFB}
		{D313A44F-BE99-4207-AA2E-B927E0BE48ED} = {88CBB103-3BA8-46BC-8ABD-E393807227A5}
		{8F079840-385A-4D2C-A17A-62D741462C10} = {02CC717D-A7DF-4699-93F1-2538C6C2AEFB}
		{85899AD9-8BAD-41A7-82AF-B7E156B487CD} = {8F079840-385A-4D2C-A17A-62D741462C10}
		{A7C704EC-1C15-4F1E-B639-F1D1D7F81E94} = {02CC717D-A7DF-4699-93F1-2538C6C2AEFB}
		{A89B7B1E-25B5-40D6-804D-E1BBB0E987AF} = {A7C704EC-1C15-4F1E-B639-F1D1D7F81E94}
		{369190DD-A504-4DA5-A6E7-971F908AAED1} = {02CC717D-A7DF-4699-93F1-2538C6C2AEFB}
		{693B67CE-5953-4EBB-A90C-4EFFB3DBCF7E} = {369190DD-A504-4DA5-A6E7-971F908AAED1}
		{61E1E625-B7DE-4CD0-9D3B-BFD84E0022D0} = {369190DD-A504-4DA5-A6E7-971F908AAED1}
		{9025C769-ACF3-439D-9B4D-B11659E837CC} = {02CC717D-A7DF-4699-93F1-2538C6C2AEFB}
		{B7D02418-CCA0-4A2D-81E7-113A35833A34} = {A1F89C68-3F7D-4623-88C9-F0DC4E52F4D2}
		{73DF06D3-9169-4EAA-9F13-31BFE68777B0} = {A1F89C68-3F7D-4623-88C9-F0DC4E52F4D2}
		{5131BDB5-15F3-40B7-8CBB-56188519C677} = {73DF06D3-9169-4EAA-9F13-31BFE68777B0}
		{23F6B268-7F27-46FE-ABC6-019D737C989E} = {A1F89C68-3F7D-4623-88C9-F0DC4E52F4D2}
		{CB38EB26-85B9-4D78-801C-DB7AF41854B6} = {A1F89C68-3F7D-4623-88C9-F0DC4E52F4D2}
		{A5683D10-9B5A-47F7-AAAA-3A3D69DF1CA4} = {A1F89C68-3F7D-4623-88C9-F0DC4E52F4D2}
		{3635D005-78D0-439C-BF30-9B4D8F49B7CC} = {08CE2B92-3ADB-4D2D-A67D-8A5772B261A1}
		{A5725E55-EE71-4B48-BDC9-F7007DB44A95} = {A6DD3833-C0CC-4209-AD77-4694F70A8C49}
		{A6DD3833-C0CC-4209-AD77-4694F70A8C49} = {36C8807B-CB03-45D0-B540-BDE4206990B5}
		{7AC9B72B-EB00-4BE2-AA58-869BF980A4E3} = {36C8807B-CB03-45D0-B540-BDE4206990B5}
		{99D73525-AB27-4AFA-AA02-97233E5FAD45} = {7AC9B72B-EB00-4BE2-AA58-869BF980A4E3}
		{D6CD5D67-1E77-47E0-859C-B7C044A25F7F} = {36C8807B-CB03-45D0-B540-BDE4206990B5}
		{35C08BBE-FC8C-4B3A-8125-7EBCF43C96F0} = {D6CD5D67-1E77-47E0-859C-B7C044A25F7F}
		{83B87B2F-F476-4687-91F3-811346BCC948} = {36C8807B-CB03-45D0-B540-BDE4206990B5}
		{3D89B265-374F-4D9B-90B2-43EF5AA07632} = {83B87B2F-F476-4687-91F3-811346BCC948}
		{7C85F764-7B1B-4412-BF6F-124E82065FAB} = {83B87B2F-F476-4687-91F3-811346BCC948}
		{748B4B19-1221-42D6-81A9-65CC75E71968} = {83B87B2F-F476-4687-91F3-811346BCC948}
		{7E080C16-569D-4273-B113-B562157A6B87} = {83B87B2F-F476-4687-91F3-811346BCC948}
		{C39E7763-D196-40F6-8349-8D67ED2F1E31} = {ABAB1207-74E0-4AE4-84F1-E430E4A3B4DE}
		{4C35F62D-230B-4190-93CF-A686E1B07895} = {C39E7763-D196-40F6-8349-8D67ED2F1E31}
		{79DAA784-AAB9-4BEA-ACF7-899CE0E500A0} = {ABAB1207-74E0-4AE4-84F1-E430E4A3B4DE}
		{A3F93E0C-F57C-42C8-BEB0-A282E300585B} = {79DAA784-AAB9-4BEA-ACF7-899CE0E500A0}
		{C0B6B488-1158-4DAA-94F8-F1D882AE9609} = {ABAB1207-74E0-4AE4-84F1-E430E4A3B4DE}
		{E3EE7C5C-6D98-42C7-97CC-0FE85028735F} = {C0B6B488-1158-4DAA-94F8-F1D882AE9609}
		{9DF96B15-1369-40BD-8191-CE095B94010D} = {ABAB1207-74E0-4AE4-84F1-E430E4A3B4DE}
		{38382969-4B8C-4FF9-8EC5-7011C4009EBE} = {9DF96B15-1369-40BD-8191-CE095B94010D}
		{F63A8464-B66C-4426-9A19-B821123E9D89} = {9DF96B15-1369-40BD-8191-CE095B94010D}
		{0F52709C-4472-4C78-8571-3131C482D08B} = {ABAB1207-74E0-4AE4-84F1-E430E4A3B4DE}
		{AC222728-BBAD-4784-8DB8-36AC5DE3262E} = {0F52709C-4472-4C78-8571-3131C482D08B}
		{1B12AC90-B66B-4841-AA9F-7AF2EEB1FFB2} = {DDB1ADD2-51D5-47C0-B590-5AD0F000B984}
		{C4D59B2B-F4E2-463C-8F4D-6E96BE670468} = {1B12AC90-B66B-4841-AA9F-7AF2EEB1FFB2}
		{8578B3D0-A09A-40DD-A53D-6D4CC1A5F501} = {DDB1ADD2-51D5-47C0-B590-5AD0F000B984}
		{48B7A0B7-D530-462E-9532-68027C018C29} = {8578B3D0-A09A-40DD-A53D-6D4CC1A5F501}
		{ADEEA443-F2EE-4776-9874-E95A421B744A} = {8578B3D0-A09A-40DD-A53D-6D4CC1A5F501}
		{C762C4CF-FFCA-48A9-8B04-15733D7033F9} = {DDB1ADD2-51D5-47C0-B590-5AD0F000B984}
		{5D4A15CB-47A1-4CEE-ACB1-0AE57769BD0B} = {C762C4CF-FFCA-48A9-8B04-15733D7033F9}
		{8FA20497-9F09-43F1-82A5-8EA278D5D56F} = {C762C4CF-FFCA-48A9-8B04-15733D7033F9}
		{EF1BFF7C-42E7-4644-99B7-33A728A3CD6E} = {C762C4CF-FFCA-48A9-8B04-15733D7033F9}
		{C8A88F6A-BD14-46AE-A0C0-7047BE844B2A} = {802F9A56-943C-467F-AD1B-A60E6924D6F5}
		{52145109-09F4-41DD-BEB4-4CABAD3BF282} = {C8A88F6A-BD14-46AE-A0C0-7047BE844B2A}
		{D0264DF8-94D7-4F15-9991-C9E25E5C005C} = {C8A88F6A-BD14-46AE-A0C0-7047BE844B2A}
		{737B9BCD-73C7-4022-8E05-BE0E02164824} = {802F9A56-943C-467F-AD1B-A60E6924D6F5}
		{FFD40926-534D-4C26-83C6-8AFBA746D6CC} = {737B9BCD-73C7-4022-8E05-BE0E02164824}
		{68AE21EC-0478-4705-862D-ADC93C1F6D2B} = {802F9A56-943C-467F-AD1B-A60E6924D6F5}
		{26DA8832-A22F-4DBA-82FE-D891751EC726} = {68AE21EC-0478-4705-862D-ADC93C1F6D2B}
		{E5CBCEAC-4C20-495D-85B5-65CF23921393} = {802F9A56-943C-467F-AD1B-A60E6924D6F5}
		{81D2B0CC-9155-44AD-8D79-4DDA1DE2BD62} = {E5CBCEAC-4C20-495D-85B5-65CF23921393}
		{C6EF230C-734F-4CB5-ABE9-037E47C79660} = {6C62B843-9864-46AF-B75D-6ED8BCCD71AC}
		{98182DFB-DE3F-49BD-B308-D6F0CD96B58A} = {C6EF230C-734F-4CB5-ABE9-037E47C79660}
		{82652CCF-CBAB-439B-AFE4-68D784386B0E} = {C6EF230C-734F-4CB5-ABE9-037E47C79660}
	EndGlobalSection
	GlobalSection(ExtensibilityGlobals) = postSolution
		SolutionGuid = {B9777C0D-9FC1-4A0C-B644-04300210A980}
	EndGlobalSection
EndGlobal
