
Microsoft Visual Studio Solution File, Format Version 12.00
# Visual Studio 15
VisualStudioVersion = 15.0.27703.2026
MinimumVisualStudioVersion = 10.0.40219.1
Project("{2150E333-8FDC-42A3-9474-1A3956D46DE8}") = "000_Note", "000_Note", "{08CE2B92-3ADB-4D2D-A67D-8A5772B261A1}"
EndProject
Project("{2150E333-8FDC-42A3-9474-1A3956D46DE8}") = "13_Week", "13_Week", "{4844719A-1508-4797-AAC3-49D2FE449D02}"
EndProject
Project("{2150E333-8FDC-42A3-9474-1A3956D46DE8}") = "059_Days", "059_Days", "{6F258AD3-8EB3-440E-A381-6043616E0D78}"
EndProject
Project("{8BC9CEB8-8B4A-11D0-8D11-00A0C91BC942}") = "01_CreateWindow", "01_CreateWindow\01_CreateWindow.vcxproj", "{AF9FF8D8-6912-4485-9D6F-B7091134893D}"
EndProject
Project("{8BC9CEB8-8B4A-11D0-8D11-00A0C91BC942}") = "02_CreateDevice", "02_CreateDevice\02_CreateDevice.vcxproj", "{52749338-784A-462D-BF93-AE1D0B5835C6}"
EndProject
Project("{8BC9CEB8-8B4A-11D0-8D11-00A0C91BC942}") = "_countof", "_countof\_countof.vcxproj", "{9A148360-AF44-46E9-8BC2-A10B8077C418}"
EndProject
Project("{8BC9CEB8-8B4A-11D0-8D11-00A0C91BC942}") = "03_CreateDevice_01", "03_CreateDevice_01\03_CreateDevice_01.vcxproj", "{51263665-2D98-4268-B59D-03F82E9DF319}"
EndProject
Project("{2150E333-8FDC-42A3-9474-1A3956D46DE8}") = "14_Week", "14_Week", "{A6EB32F7-B687-4B20-AD87-E1852FACC4A9}"
EndProject
Project("{2150E333-8FDC-42A3-9474-1A3956D46DE8}") = "060_Days", "060_Days", "{5EC39ABC-86AC-4D60-811E-16D821874554}"
EndProject
Project("{8BC9CEB8-8B4A-11D0-8D11-00A0C91BC942}") = "3D_Core", "3D_Core\3D_Core.vcxproj", "{234CCF81-7551-4D7D-8475-F7E4D5CA0787}"
EndProject
Project("{8BC9CEB8-8B4A-11D0-8D11-00A0C91BC942}") = "04_LibraryTest", "04_LibraryTest\04_LibraryTest.vcxproj", "{26C66FBF-F1B2-4D87-8B4A-DEF4F59343FA}"
EndProject
Global
	GlobalSection(SolutionConfigurationPlatforms) = preSolution
		Debug|x64 = Debug|x64
		Debug|x86 = Debug|x86
		Release|x64 = Release|x64
		Release|x86 = Release|x86
	EndGlobalSection
	GlobalSection(ProjectConfigurationPlatforms) = postSolution
		{AF9FF8D8-6912-4485-9D6F-B7091134893D}.Debug|x64.ActiveCfg = Debug|x64
		{AF9FF8D8-6912-4485-9D6F-B7091134893D}.Debug|x64.Build.0 = Debug|x64
		{AF9FF8D8-6912-4485-9D6F-B7091134893D}.Debug|x86.ActiveCfg = Debug|Win32
		{AF9FF8D8-6912-4485-9D6F-B7091134893D}.Debug|x86.Build.0 = Debug|Win32
		{AF9FF8D8-6912-4485-9D6F-B7091134893D}.Release|x64.ActiveCfg = Release|x64
		{AF9FF8D8-6912-4485-9D6F-B7091134893D}.Release|x64.Build.0 = Release|x64
		{AF9FF8D8-6912-4485-9D6F-B7091134893D}.Release|x86.ActiveCfg = Release|Win32
		{AF9FF8D8-6912-4485-9D6F-B7091134893D}.Release|x86.Build.0 = Release|Win32
		{52749338-784A-462D-BF93-AE1D0B5835C6}.Debug|x64.ActiveCfg = Debug|x64
		{52749338-784A-462D-BF93-AE1D0B5835C6}.Debug|x64.Build.0 = Debug|x64
		{52749338-784A-462D-BF93-AE1D0B5835C6}.Debug|x86.ActiveCfg = Debug|Win32
		{52749338-784A-462D-BF93-AE1D0B5835C6}.Debug|x86.Build.0 = Debug|Win32
		{52749338-784A-462D-BF93-AE1D0B5835C6}.Release|x64.ActiveCfg = Release|x64
		{52749338-784A-462D-BF93-AE1D0B5835C6}.Release|x64.Build.0 = Release|x64
		{52749338-784A-462D-BF93-AE1D0B5835C6}.Release|x86.ActiveCfg = Release|Win32
		{52749338-784A-462D-BF93-AE1D0B5835C6}.Release|x86.Build.0 = Release|Win32
		{9A148360-AF44-46E9-8BC2-A10B8077C418}.Debug|x64.ActiveCfg = Debug|x64
		{9A148360-AF44-46E9-8BC2-A10B8077C418}.Debug|x64.Build.0 = Debug|x64
		{9A148360-AF44-46E9-8BC2-A10B8077C418}.Debug|x86.ActiveCfg = Debug|Win32
		{9A148360-AF44-46E9-8BC2-A10B8077C418}.Debug|x86.Build.0 = Debug|Win32
		{9A148360-AF44-46E9-8BC2-A10B8077C418}.Release|x64.ActiveCfg = Release|x64
		{9A148360-AF44-46E9-8BC2-A10B8077C418}.Release|x64.Build.0 = Release|x64
		{9A148360-AF44-46E9-8BC2-A10B8077C418}.Release|x86.ActiveCfg = Release|Win32
		{9A148360-AF44-46E9-8BC2-A10B8077C418}.Release|x86.Build.0 = Release|Win32
		{51263665-2D98-4268-B59D-03F82E9DF319}.Debug|x64.ActiveCfg = Debug|x64
		{51263665-2D98-4268-B59D-03F82E9DF319}.Debug|x64.Build.0 = Debug|x64
		{51263665-2D98-4268-B59D-03F82E9DF319}.Debug|x86.ActiveCfg = Debug|Win32
		{51263665-2D98-4268-B59D-03F82E9DF319}.Debug|x86.Build.0 = Debug|Win32
		{51263665-2D98-4268-B59D-03F82E9DF319}.Release|x64.ActiveCfg = Release|x64
		{51263665-2D98-4268-B59D-03F82E9DF319}.Release|x64.Build.0 = Release|x64
		{51263665-2D98-4268-B59D-03F82E9DF319}.Release|x86.ActiveCfg = Release|Win32
		{51263665-2D98-4268-B59D-03F82E9DF319}.Release|x86.Build.0 = Release|Win32
		{234CCF81-7551-4D7D-8475-F7E4D5CA0787}.Debug|x64.ActiveCfg = Debug|x64
		{234CCF81-7551-4D7D-8475-F7E4D5CA0787}.Debug|x64.Build.0 = Debug|x64
		{234CCF81-7551-4D7D-8475-F7E4D5CA0787}.Debug|x86.ActiveCfg = Debug|Win32
		{234CCF81-7551-4D7D-8475-F7E4D5CA0787}.Debug|x86.Build.0 = Debug|Win32
		{234CCF81-7551-4D7D-8475-F7E4D5CA0787}.Release|x64.ActiveCfg = Release|x64
		{234CCF81-7551-4D7D-8475-F7E4D5CA0787}.Release|x64.Build.0 = Release|x64
		{234CCF81-7551-4D7D-8475-F7E4D5CA0787}.Release|x86.ActiveCfg = Release|Win32
		{234CCF81-7551-4D7D-8475-F7E4D5CA0787}.Release|x86.Build.0 = Release|Win32
		{26C66FBF-F1B2-4D87-8B4A-DEF4F59343FA}.Debug|x64.ActiveCfg = Debug|x64
		{26C66FBF-F1B2-4D87-8B4A-DEF4F59343FA}.Debug|x64.Build.0 = Debug|x64
		{26C66FBF-F1B2-4D87-8B4A-DEF4F59343FA}.Debug|x86.ActiveCfg = Debug|Win32
		{26C66FBF-F1B2-4D87-8B4A-DEF4F59343FA}.Debug|x86.Build.0 = Debug|Win32
		{26C66FBF-F1B2-4D87-8B4A-DEF4F59343FA}.Release|x64.ActiveCfg = Release|x64
		{26C66FBF-F1B2-4D87-8B4A-DEF4F59343FA}.Release|x64.Build.0 = Release|x64
		{26C66FBF-F1B2-4D87-8B4A-DEF4F59343FA}.Release|x86.ActiveCfg = Release|Win32
		{26C66FBF-F1B2-4D87-8B4A-DEF4F59343FA}.Release|x86.Build.0 = Release|Win32
	EndGlobalSection
	GlobalSection(SolutionProperties) = preSolution
		HideSolutionNode = FALSE
	EndGlobalSection
	GlobalSection(NestedProjects) = preSolution
		{6F258AD3-8EB3-440E-A381-6043616E0D78} = {4844719A-1508-4797-AAC3-49D2FE449D02}
		{AF9FF8D8-6912-4485-9D6F-B7091134893D} = {6F258AD3-8EB3-440E-A381-6043616E0D78}
		{52749338-784A-462D-BF93-AE1D0B5835C6} = {6F258AD3-8EB3-440E-A381-6043616E0D78}
		{9A148360-AF44-46E9-8BC2-A10B8077C418} = {08CE2B92-3ADB-4D2D-A67D-8A5772B261A1}
		{51263665-2D98-4268-B59D-03F82E9DF319} = {5EC39ABC-86AC-4D60-811E-16D821874554}
		{5EC39ABC-86AC-4D60-811E-16D821874554} = {A6EB32F7-B687-4B20-AD87-E1852FACC4A9}
		{26C66FBF-F1B2-4D87-8B4A-DEF4F59343FA} = {5EC39ABC-86AC-4D60-811E-16D821874554}
	EndGlobalSection
	GlobalSection(ExtensibilityGlobals) = postSolution
		SolutionGuid = {B9777C0D-9FC1-4A0C-B644-04300210A980}
	EndGlobalSection
EndGlobal
