
Microsoft Visual Studio Solution File, Format Version 12.00
# Visual Studio 15
VisualStudioVersion = 15.0.27703.2026
MinimumVisualStudioVersion = 10.0.40219.1
Project("{2150E333-8FDC-42A3-9474-1A3956D46DE8}") = "000_Note", "000_Note", "{08CE2B92-3ADB-4D2D-A67D-8A5772B261A1}"
EndProject
Project("{2150E333-8FDC-42A3-9474-1A3956D46DE8}") = "13_Week", "13_Week", "{4844719A-1508-4797-AAC3-49D2FE449D02}"
EndProject
Project("{2150E333-8FDC-42A3-9474-1A3956D46DE8}") = "059_Days", "059_Days", "{6F258AD3-8EB3-440E-A381-6043616E0D78}"
EndProject
Project("{8BC9CEB8-8B4A-11D0-8D11-00A0C91BC942}") = "_countof", "_countof\_countof.vcxproj", "{9A148360-AF44-46E9-8BC2-A10B8077C418}"
EndProject
Project("{2150E333-8FDC-42A3-9474-1A3956D46DE8}") = "14_Week", "14_Week", "{A6EB32F7-B687-4B20-AD87-E1852FACC4A9}"
EndProject
Project("{2150E333-8FDC-42A3-9474-1A3956D46DE8}") = "060_Days", "060_Days", "{5EC39ABC-86AC-4D60-811E-16D821874554}"
EndProject
Project("{8BC9CEB8-8B4A-11D0-8D11-00A0C91BC942}") = "3D_Core", "3D_Core\3D_Core.vcxproj", "{234CCF81-7551-4D7D-8475-F7E4D5CA0787}"
EndProject
Project("{8BC9CEB8-8B4A-11D0-8D11-00A0C91BC942}") = "01_CreateWindow", "CreateWindow\CreateWindow.vcxproj", "{DEE86A55-ED94-4DE4-8FB7-C3FD3687D466}"
EndProject
Project("{8BC9CEB8-8B4A-11D0-8D11-00A0C91BC942}") = "02_CreateDevice", "CreateDevice\CreateDevice.vcxproj", "{52749338-784A-462D-BF93-AE1D0B5835C6}"
EndProject
Project("{8BC9CEB8-8B4A-11D0-8D11-00A0C91BC942}") = "01_CreateDevice_01", "CreateDevice_01\CreateDevice_01.vcxproj", "{8F6619DF-46E1-4F42-ABFB-47A7F1228B00}"
EndProject
Project("{8BC9CEB8-8B4A-11D0-8D11-00A0C91BC942}") = "02_LibraryTest", "LibraryTest\LibraryTest.vcxproj", "{33810ABD-B9D6-4ADC-8446-29C147BECD5A}"
EndProject
Project("{8BC9CEB8-8B4A-11D0-8D11-00A0C91BC942}") = "03_DXGI", "DXGI\DXGI.vcxproj", "{44DEA88A-D1E9-4634-BDF7-5381AF6EC743}"
EndProject
Project("{2150E333-8FDC-42A3-9474-1A3956D46DE8}") = "061_Days", "061_Days", "{20B616C7-358F-46DB-A69F-4BA2DD157838}"
EndProject
Project("{8BC9CEB8-8B4A-11D0-8D11-00A0C91BC942}") = "01_FullScreenDevice", "FullScreenDevice\FullScreenDevice.vcxproj", "{11FD1CA1-B46B-44F9-A931-C9B043683D4F}"
	ProjectSection(ProjectDependencies) = postProject
		{234CCF81-7551-4D7D-8475-F7E4D5CA0787} = {234CCF81-7551-4D7D-8475-F7E4D5CA0787}
	EndProjectSection
EndProject
Global
	GlobalSection(SolutionConfigurationPlatforms) = preSolution
		Debug|x64 = Debug|x64
		Debug|x86 = Debug|x86
		Release|x64 = Release|x64
		Release|x86 = Release|x86
	EndGlobalSection
	GlobalSection(ProjectConfigurationPlatforms) = postSolution
		{9A148360-AF44-46E9-8BC2-A10B8077C418}.Debug|x64.ActiveCfg = Debug|x64
		{9A148360-AF44-46E9-8BC2-A10B8077C418}.Debug|x64.Build.0 = Debug|x64
		{9A148360-AF44-46E9-8BC2-A10B8077C418}.Debug|x86.ActiveCfg = Debug|Win32
		{9A148360-AF44-46E9-8BC2-A10B8077C418}.Debug|x86.Build.0 = Debug|Win32
		{9A148360-AF44-46E9-8BC2-A10B8077C418}.Release|x64.ActiveCfg = Release|x64
		{9A148360-AF44-46E9-8BC2-A10B8077C418}.Release|x64.Build.0 = Release|x64
		{9A148360-AF44-46E9-8BC2-A10B8077C418}.Release|x86.ActiveCfg = Release|Win32
		{9A148360-AF44-46E9-8BC2-A10B8077C418}.Release|x86.Build.0 = Release|Win32
		{234CCF81-7551-4D7D-8475-F7E4D5CA0787}.Debug|x64.ActiveCfg = Debug|x64
		{234CCF81-7551-4D7D-8475-F7E4D5CA0787}.Debug|x64.Build.0 = Debug|x64
		{234CCF81-7551-4D7D-8475-F7E4D5CA0787}.Debug|x86.ActiveCfg = Debug|Win32
		{234CCF81-7551-4D7D-8475-F7E4D5CA0787}.Debug|x86.Build.0 = Debug|Win32
		{234CCF81-7551-4D7D-8475-F7E4D5CA0787}.Release|x64.ActiveCfg = Release|x64
		{234CCF81-7551-4D7D-8475-F7E4D5CA0787}.Release|x64.Build.0 = Release|x64
		{234CCF81-7551-4D7D-8475-F7E4D5CA0787}.Release|x86.ActiveCfg = Release|Win32
		{234CCF81-7551-4D7D-8475-F7E4D5CA0787}.Release|x86.Build.0 = Release|Win32
		{DEE86A55-ED94-4DE4-8FB7-C3FD3687D466}.Debug|x64.ActiveCfg = Debug|x64
		{DEE86A55-ED94-4DE4-8FB7-C3FD3687D466}.Debug|x64.Build.0 = Debug|x64
		{DEE86A55-ED94-4DE4-8FB7-C3FD3687D466}.Debug|x86.ActiveCfg = Debug|Win32
		{DEE86A55-ED94-4DE4-8FB7-C3FD3687D466}.Debug|x86.Build.0 = Debug|Win32
		{DEE86A55-ED94-4DE4-8FB7-C3FD3687D466}.Release|x64.ActiveCfg = Release|x64
		{DEE86A55-ED94-4DE4-8FB7-C3FD3687D466}.Release|x64.Build.0 = Release|x64
		{DEE86A55-ED94-4DE4-8FB7-C3FD3687D466}.Release|x86.ActiveCfg = Release|Win32
		{DEE86A55-ED94-4DE4-8FB7-C3FD3687D466}.Release|x86.Build.0 = Release|Win32
		{52749338-784A-462D-BF93-AE1D0B5835C6}.Debug|x64.ActiveCfg = Debug|x64
		{52749338-784A-462D-BF93-AE1D0B5835C6}.Debug|x64.Build.0 = Debug|x64
		{52749338-784A-462D-BF93-AE1D0B5835C6}.Debug|x86.ActiveCfg = Debug|Win32
		{52749338-784A-462D-BF93-AE1D0B5835C6}.Debug|x86.Build.0 = Debug|Win32
		{52749338-784A-462D-BF93-AE1D0B5835C6}.Release|x64.ActiveCfg = Release|x64
		{52749338-784A-462D-BF93-AE1D0B5835C6}.Release|x64.Build.0 = Release|x64
		{52749338-784A-462D-BF93-AE1D0B5835C6}.Release|x86.ActiveCfg = Release|Win32
		{52749338-784A-462D-BF93-AE1D0B5835C6}.Release|x86.Build.0 = Release|Win32
		{8F6619DF-46E1-4F42-ABFB-47A7F1228B00}.Debug|x64.ActiveCfg = Debug|x64
		{8F6619DF-46E1-4F42-ABFB-47A7F1228B00}.Debug|x64.Build.0 = Debug|x64
		{8F6619DF-46E1-4F42-ABFB-47A7F1228B00}.Debug|x86.ActiveCfg = Debug|Win32
		{8F6619DF-46E1-4F42-ABFB-47A7F1228B00}.Debug|x86.Build.0 = Debug|Win32
		{8F6619DF-46E1-4F42-ABFB-47A7F1228B00}.Release|x64.ActiveCfg = Release|x64
		{8F6619DF-46E1-4F42-ABFB-47A7F1228B00}.Release|x64.Build.0 = Release|x64
		{8F6619DF-46E1-4F42-ABFB-47A7F1228B00}.Release|x86.ActiveCfg = Release|Win32
		{8F6619DF-46E1-4F42-ABFB-47A7F1228B00}.Release|x86.Build.0 = Release|Win32
		{33810ABD-B9D6-4ADC-8446-29C147BECD5A}.Debug|x64.ActiveCfg = Debug|x64
		{33810ABD-B9D6-4ADC-8446-29C147BECD5A}.Debug|x64.Build.0 = Debug|x64
		{33810ABD-B9D6-4ADC-8446-29C147BECD5A}.Debug|x86.ActiveCfg = Debug|Win32
		{33810ABD-B9D6-4ADC-8446-29C147BECD5A}.Debug|x86.Build.0 = Debug|Win32
		{33810ABD-B9D6-4ADC-8446-29C147BECD5A}.Release|x64.ActiveCfg = Release|x64
		{33810ABD-B9D6-4ADC-8446-29C147BECD5A}.Release|x64.Build.0 = Release|x64
		{33810ABD-B9D6-4ADC-8446-29C147BECD5A}.Release|x86.ActiveCfg = Release|Win32
		{33810ABD-B9D6-4ADC-8446-29C147BECD5A}.Release|x86.Build.0 = Release|Win32
		{44DEA88A-D1E9-4634-BDF7-5381AF6EC743}.Debug|x64.ActiveCfg = Debug|x64
		{44DEA88A-D1E9-4634-BDF7-5381AF6EC743}.Debug|x64.Build.0 = Debug|x64
		{44DEA88A-D1E9-4634-BDF7-5381AF6EC743}.Debug|x86.ActiveCfg = Debug|Win32
		{44DEA88A-D1E9-4634-BDF7-5381AF6EC743}.Debug|x86.Build.0 = Debug|Win32
		{44DEA88A-D1E9-4634-BDF7-5381AF6EC743}.Release|x64.ActiveCfg = Release|x64
		{44DEA88A-D1E9-4634-BDF7-5381AF6EC743}.Release|x64.Build.0 = Release|x64
		{44DEA88A-D1E9-4634-BDF7-5381AF6EC743}.Release|x86.ActiveCfg = Release|Win32
		{44DEA88A-D1E9-4634-BDF7-5381AF6EC743}.Release|x86.Build.0 = Release|Win32
		{11FD1CA1-B46B-44F9-A931-C9B043683D4F}.Debug|x64.ActiveCfg = Debug|x64
		{11FD1CA1-B46B-44F9-A931-C9B043683D4F}.Debug|x64.Build.0 = Debug|x64
		{11FD1CA1-B46B-44F9-A931-C9B043683D4F}.Debug|x86.ActiveCfg = Debug|Win32
		{11FD1CA1-B46B-44F9-A931-C9B043683D4F}.Debug|x86.Build.0 = Debug|Win32
		{11FD1CA1-B46B-44F9-A931-C9B043683D4F}.Release|x64.ActiveCfg = Release|x64
		{11FD1CA1-B46B-44F9-A931-C9B043683D4F}.Release|x64.Build.0 = Release|x64
		{11FD1CA1-B46B-44F9-A931-C9B043683D4F}.Release|x86.ActiveCfg = Release|Win32
		{11FD1CA1-B46B-44F9-A931-C9B043683D4F}.Release|x86.Build.0 = Release|Win32
	EndGlobalSection
	GlobalSection(SolutionProperties) = preSolution
		HideSolutionNode = FALSE
	EndGlobalSection
	GlobalSection(NestedProjects) = preSolution
		{6F258AD3-8EB3-440E-A381-6043616E0D78} = {4844719A-1508-4797-AAC3-49D2FE449D02}
		{9A148360-AF44-46E9-8BC2-A10B8077C418} = {08CE2B92-3ADB-4D2D-A67D-8A5772B261A1}
		{5EC39ABC-86AC-4D60-811E-16D821874554} = {A6EB32F7-B687-4B20-AD87-E1852FACC4A9}
		{DEE86A55-ED94-4DE4-8FB7-C3FD3687D466} = {6F258AD3-8EB3-440E-A381-6043616E0D78}
		{52749338-784A-462D-BF93-AE1D0B5835C6} = {6F258AD3-8EB3-440E-A381-6043616E0D78}
		{8F6619DF-46E1-4F42-ABFB-47A7F1228B00} = {5EC39ABC-86AC-4D60-811E-16D821874554}
		{33810ABD-B9D6-4ADC-8446-29C147BECD5A} = {5EC39ABC-86AC-4D60-811E-16D821874554}
		{44DEA88A-D1E9-4634-BDF7-5381AF6EC743} = {5EC39ABC-86AC-4D60-811E-16D821874554}
		{20B616C7-358F-46DB-A69F-4BA2DD157838} = {A6EB32F7-B687-4B20-AD87-E1852FACC4A9}
		{11FD1CA1-B46B-44F9-A931-C9B043683D4F} = {20B616C7-358F-46DB-A69F-4BA2DD157838}
	EndGlobalSection
	GlobalSection(ExtensibilityGlobals) = postSolution
		SolutionGuid = {B9777C0D-9FC1-4A0C-B644-04300210A980}
	EndGlobalSection
EndGlobal
